{
  "version": 4,
  "terraform_version": "1.10.5",
  "serial": 267,
  "lineage": "fbd710ef-c059-6ceb-9ffb-fcfc45990827",
  "outputs": {},
  "resources": [
    {
      "mode": "data",
      "type": "aws_route53_zone",
      "name": "external",
      "provider": "provider[\"registry.terraform.io/hashicorp/aws\"]",
      "instances": [
        {
          "schema_version": 0,
          "attributes": {
            "arn": "arn:aws:route53:::hostedzone/Z0330838MNQYK0G9MHMC",
            "caller_reference": "76defdc8-f705-4254-aa60-eb3da7bebd13",
            "comment": "",
            "id": "Z0330838MNQYK0G9MHMC",
            "linked_service_description": null,
            "linked_service_principal": null,
            "name": "epitechproject.fr",
            "name_servers": [
              "ns-207.awsdns-25.com",
              "ns-896.awsdns-48.net",
              "ns-1224.awsdns-25.org",
              "ns-1772.awsdns-29.co.uk"
            ],
            "primary_name_server": "ns-207.awsdns-25.com",
            "private_zone": false,
            "resource_record_set_count": 16,
            "tags": {},
            "vpc_id": null,
            "zone_id": "Z0330838MNQYK0G9MHMC"
          },
          "sensitive_attributes": []
        }
      ]
    },
    {
      "module": "module.bastion",
      "mode": "managed",
      "type": "aws_instance",
      "name": "bastion",
      "provider": "provider[\"registry.terraform.io/hashicorp/aws\"]",
      "instances": [
        {
          "schema_version": 1,
          "attributes": {
            "ami": "ami-0eddb4a4e7d846d6f",
            "arn": "arn:aws:ec2:eu-central-1:502863813996:instance/i-06c7370142a55e8c6",
            "associate_public_ip_address": true,
            "availability_zone": "eu-central-1a",
            "capacity_reservation_specification": [
              {
                "capacity_reservation_preference": "open",
                "capacity_reservation_target": []
              }
            ],
            "cpu_core_count": 1,
            "cpu_options": [
              {
                "amd_sev_snp": "",
                "core_count": 1,
                "threads_per_core": 1
              }
            ],
            "cpu_threads_per_core": 1,
            "credit_specification": [
              {
                "cpu_credits": "standard"
              }
            ],
            "disable_api_stop": false,
            "disable_api_termination": false,
            "ebs_block_device": [],
            "ebs_optimized": false,
            "enable_primary_ipv6": false,
            "enclave_options": [
              {
                "enabled": false
              }
            ],
            "ephemeral_block_device": [],
            "get_password_data": false,
            "hibernation": false,
            "host_id": "",
            "host_resource_group_arn": null,
            "iam_instance_profile": "ec2Tdev702Role",
            "id": "i-06c7370142a55e8c6",
            "instance_initiated_shutdown_behavior": "stop",
            "instance_lifecycle": "",
            "instance_market_options": [],
            "instance_state": "running",
            "instance_type": "t2.nano",
            "ipv6_address_count": 1,
            "ipv6_addresses": [
              "2a05:d014:1926:1900:8213:7565:9d13:6a77"
            ],
            "key_name": "tdev700",
            "launch_template": [],
            "maintenance_options": [
              {
                "auto_recovery": "default"
              }
            ],
            "metadata_options": [
              {
                "http_endpoint": "enabled",
                "http_protocol_ipv6": "disabled",
                "http_put_response_hop_limit": 2,
                "http_tokens": "required",
                "instance_metadata_tags": "enabled"
              }
            ],
            "monitoring": false,
            "network_interface": [],
            "outpost_arn": "",
            "password_data": "",
            "placement_group": "",
            "placement_partition_number": 0,
            "primary_network_interface_id": "eni-0ec996ae5c21b5f31",
            "private_dns": "ip-172-30-0-242.eu-central-1.compute.internal",
            "private_dns_name_options": [
              {
                "enable_resource_name_dns_a_record": false,
                "enable_resource_name_dns_aaaa_record": false,
                "hostname_type": "ip-name"
              }
            ],
            "private_ip": "172.30.0.242",
            "public_dns": "ec2-3-68-160-112.eu-central-1.compute.amazonaws.com",
            "public_ip": "3.68.160.112",
            "root_block_device": [
              {
                "delete_on_termination": true,
                "device_name": "/dev/xvda",
                "encrypted": false,
                "iops": 3000,
                "kms_key_id": "",
                "tags": null,
                "tags_all": {},
                "throughput": 125,
                "volume_id": "vol-0f4593a3f96521f93",
                "volume_size": 8,
                "volume_type": "gp3"
              }
            ],
            "secondary_private_ips": [],
            "security_groups": [],
            "source_dest_check": true,
            "spot_instance_request_id": "",
            "subnet_id": "subnet-0842beca7f92e2905",
            "tags": {
              "Name": "bastion tdev700",
              "Project": "tdev700"
            },
            "tags_all": {
              "Name": "bastion tdev700",
              "Project": "tdev700"
            },
            "tenancy": "default",
            "timeouts": null,
            "user_data": null,
            "user_data_base64": null,
            "user_data_replace_on_change": false,
            "volume_tags": null,
            "vpc_security_group_ids": [
              "sg-0060ffdd71ac2fbad"
            ]
          },
          "sensitive_attributes": [],
          "private": "eyJlMmJmYjczMC1lY2FhLTExZTYtOGY4OC0zNDM2M2JjN2M0YzAiOnsiY3JlYXRlIjo2MDAwMDAwMDAwMDAsImRlbGV0ZSI6MTIwMDAwMDAwMDAwMCwicmVhZCI6OTAwMDAwMDAwMDAwLCJ1cGRhdGUiOjYwMDAwMDAwMDAwMH0sInNjaGVtYV92ZXJzaW9uIjoiMSJ9",
          "dependencies": [
            "module.security.aws_security_group.api",
            "module.security.aws_security_group.auth",
            "module.security.aws_security_group.frontend",
            "module.security.aws_security_group.load_balancer",
            "module.security.aws_security_group.rds",
            "module.security.aws_security_group.vpc",
            "module.vpc.aws_subnet.public_subnet",
            "module.vpc.aws_vpc.main"
          ]
        }
      ]
    },
    {
      "module": "module.bastion",
      "mode": "managed",
      "type": "aws_route53_record",
      "name": "bastion",
      "provider": "provider[\"registry.terraform.io/hashicorp/aws\"]",
      "instances": [
        {
          "schema_version": 2,
          "attributes": {
            "alias": [],
            "allow_overwrite": null,
            "cidr_routing_policy": [],
            "failover_routing_policy": [],
            "fqdn": "bastion.epitechproject.fr",
            "geolocation_routing_policy": [],
            "geoproximity_routing_policy": [],
            "health_check_id": "",
            "id": "Z0330838MNQYK0G9MHMC_bastion.epitechproject.fr_A",
            "latency_routing_policy": [],
            "multivalue_answer_routing_policy": false,
            "name": "bastion.epitechproject.fr",
            "records": [
              "3.68.160.112"
            ],
            "set_identifier": "",
            "ttl": 60,
            "type": "A",
            "weighted_routing_policy": [],
            "zone_id": "Z0330838MNQYK0G9MHMC"
          },
          "sensitive_attributes": [],
          "private": "eyJzY2hlbWFfdmVyc2lvbiI6IjIifQ==",
          "dependencies": [
            "data.aws_route53_zone.external",
            "module.bastion.aws_instance.bastion",
            "module.security.aws_security_group.api",
            "module.security.aws_security_group.auth",
            "module.security.aws_security_group.frontend",
            "module.security.aws_security_group.load_balancer",
            "module.security.aws_security_group.rds",
            "module.security.aws_security_group.vpc",
            "module.vpc.aws_subnet.public_subnet",
            "module.vpc.aws_vpc.main"
          ]
        }
      ]
    },
    {
      "module": "module.database",
      "mode": "data",
      "type": "aws_db_snapshot",
      "name": "final_snapshot",
      "provider": "provider[\"registry.terraform.io/hashicorp/aws\"]",
      "instances": [
        {
          "schema_version": 0,
          "attributes": {
            "allocated_storage": 20,
            "availability_zone": "eu-central-1b",
            "db_instance_identifier": "tdev700",
            "db_snapshot_arn": "arn:aws:rds:eu-central-1:502863813996:snapshot:tdev700-final-snapshot",
            "db_snapshot_identifier": "tdev700-final-snapshot",
            "encrypted": true,
            "engine": "postgres",
            "engine_version": "16.3",
            "id": "tdev700-final-snapshot",
            "include_public": false,
            "include_shared": false,
            "iops": 3000,
            "kms_key_id": "arn:aws:kms:eu-central-1:502863813996:key/a08bd65b-0736-44f8-aed1-6d144e2017aa",
            "license_model": "postgresql-license",
            "most_recent": true,
            "option_group_name": "default:postgres-16",
            "original_snapshot_create_time": "2025-02-24T18:08:43Z",
            "port": 5432,
            "snapshot_create_time": "2025-02-24T20:43:02Z",
            "snapshot_type": "manual",
            "source_db_snapshot_identifier": "arn:aws:rds:eu-central-1:502863813996:snapshot:tdev700-snapshot",
            "source_region": "eu-central-1",
            "status": "available",
            "storage_type": "gp3",
            "tags": {},
            "vpc_id": "vpc-0b718eb38002ff8b2"
          },
          "sensitive_attributes": []
        }
      ]
    },
    {
      "module": "module.database",
      "mode": "managed",
      "type": "aws_db_instance",
      "name": "postgresql",
      "provider": "provider[\"registry.terraform.io/hashicorp/aws\"]",
      "instances": [
        {
          "schema_version": 2,
          "attributes": {
            "address": "tdev700-db.c70qqmq0mh9f.eu-central-1.rds.amazonaws.com",
            "allocated_storage": 20,
            "allow_major_version_upgrade": null,
            "apply_immediately": false,
            "arn": "arn:aws:rds:eu-central-1:502863813996:db:tdev700-db",
            "auto_minor_version_upgrade": true,
            "availability_zone": "eu-central-1b",
            "backup_retention_period": 1,
            "backup_target": "region",
            "backup_window": "21:38-22:08",
            "blue_green_update": [],
            "ca_cert_identifier": "rds-ca-rsa2048-g1",
            "character_set_name": "",
            "copy_tags_to_snapshot": false,
            "custom_iam_instance_profile": "",
            "customer_owned_ip_enabled": false,
            "db_name": "",
            "db_subnet_group_name": "tdev700-database-subnet-group",
            "dedicated_log_volume": false,
            "delete_automated_backups": true,
            "deletion_protection": false,
            "domain": "",
            "domain_auth_secret_arn": "",
            "domain_dns_ips": [],
            "domain_fqdn": "",
            "domain_iam_role_name": "",
            "domain_ou": "",
            "enabled_cloudwatch_logs_exports": [],
            "endpoint": "tdev700-db.c70qqmq0mh9f.eu-central-1.rds.amazonaws.com:5432",
            "engine": "postgres",
            "engine_lifecycle_support": "open-source-rds-extended-support",
            "engine_version": "16.3",
            "engine_version_actual": "16.3",
            "final_snapshot_identifier": "tdev700-db-final-snapshot-20250225145116",
            "hosted_zone_id": "Z1RLNUO7B9Q6NB",
            "iam_database_authentication_enabled": false,
            "id": "db-5HVO3SUHCQKCYMBVWYMPA6PDGA",
            "identifier": "tdev700-db",
            "identifier_prefix": "",
            "instance_class": "db.t4g.micro",
            "iops": 3000,
            "kms_key_id": "arn:aws:kms:eu-central-1:502863813996:key/a08bd65b-0736-44f8-aed1-6d144e2017aa",
            "latest_restorable_time": "2025-02-25T14:45:23Z",
            "license_model": "postgresql-license",
            "listener_endpoint": [],
            "maintenance_window": "mon:02:18-mon:02:48",
            "manage_master_user_password": null,
            "master_user_secret": [],
            "master_user_secret_kms_key_id": null,
            "max_allocated_storage": 1000,
            "monitoring_interval": 0,
            "monitoring_role_arn": "",
            "multi_az": false,
            "nchar_character_set_name": "",
            "network_type": "IPV4",
            "option_group_name": "default:postgres-16",
            "parameter_group_name": "default.postgres16",
            "password": null,
            "password_wo": null,
            "password_wo_version": null,
            "performance_insights_enabled": true,
            "performance_insights_kms_key_id": "arn:aws:kms:eu-central-1:502863813996:key/a08bd65b-0736-44f8-aed1-6d144e2017aa",
            "performance_insights_retention_period": 7,
            "port": 5432,
            "publicly_accessible": false,
            "replica_mode": "",
            "replicas": [],
            "replicate_source_db": "",
            "resource_id": "db-5HVO3SUHCQKCYMBVWYMPA6PDGA",
            "restore_to_point_in_time": [],
            "s3_import": [],
            "skip_final_snapshot": false,
            "snapshot_identifier": "tdev700-final-snapshot",
            "status": "available",
            "storage_encrypted": true,
            "storage_throughput": 125,
            "storage_type": "gp3",
            "tags": {},
            "tags_all": {},
            "timeouts": null,
            "timezone": "",
            "upgrade_storage_config": null,
            "username": "postgres",
            "vpc_security_group_ids": [
              "sg-0060ffdd71ac2fbad"
            ]
          },
          "sensitive_attributes": [
            [
              {
                "type": "get_attr",
                "value": "password"
              }
            ],
            [
              {
                "type": "get_attr",
                "value": "password_wo"
              }
            ]
          ],
          "private": "eyJlMmJmYjczMC1lY2FhLTExZTYtOGY4OC0zNDM2M2JjN2M0YzAiOnsiY3JlYXRlIjozMDAwMDAwMDAwMDAwLCJkZWxldGUiOjM2MDAwMDAwMDAwMDAsInVwZGF0ZSI6NDgwMDAwMDAwMDAwMH0sInNjaGVtYV92ZXJzaW9uIjoiMiJ9",
          "dependencies": [
            "module.database.aws_db_subnet_group.database",
            "module.database.data.aws_db_snapshot.final_snapshot",
            "module.security.aws_security_group.api",
            "module.security.aws_security_group.auth",
            "module.security.aws_security_group.frontend",
            "module.security.aws_security_group.load_balancer",
            "module.security.aws_security_group.rds",
            "module.security.aws_security_group.vpc",
            "module.vpc.aws_subnet.private_subnet",
            "module.vpc.aws_vpc.main"
          ]
        }
      ]
    },
    {
      "module": "module.database",
      "mode": "managed",
      "type": "aws_db_subnet_group",
      "name": "database",
      "provider": "provider[\"registry.terraform.io/hashicorp/aws\"]",
      "instances": [
        {
          "schema_version": 0,
          "attributes": {
            "arn": "arn:aws:rds:eu-central-1:502863813996:subgrp:tdev700-database-subnet-group",
            "description": "Database subnet group for tdev700 RDS instances",
            "id": "tdev700-database-subnet-group",
            "name": "tdev700-database-subnet-group",
            "name_prefix": "",
            "subnet_ids": [
              "subnet-03d31406a1cc95c9d",
              "subnet-09312119f7d100386",
              "subnet-0b36c2568c6730fdd"
            ],
            "supported_network_types": [
              "DUAL",
              "IPV4"
            ],
            "tags": {
              "Name": "tdev700-database-subnet-group",
              "projet": "tdev700"
            },
            "tags_all": {
              "Name": "tdev700-database-subnet-group",
              "projet": "tdev700"
            },
            "vpc_id": "vpc-0a74a7c1f46d92c59"
          },
          "sensitive_attributes": [],
          "private": "bnVsbA==",
          "dependencies": [
            "module.vpc.aws_subnet.private_subnet",
            "module.vpc.aws_vpc.main"
          ]
        }
      ]
    },
    {
      "module": "module.database",
      "mode": "managed",
      "type": "aws_route53_record",
      "name": "db",
      "provider": "provider[\"registry.terraform.io/hashicorp/aws\"]",
      "instances": [
        {
          "schema_version": 2,
          "attributes": {
            "alias": [],
            "allow_overwrite": null,
            "cidr_routing_policy": [],
            "failover_routing_policy": [],
            "fqdn": "db.internal.epitechproject.fr",
            "geolocation_routing_policy": [],
            "geoproximity_routing_policy": [],
            "health_check_id": "",
            "id": "Z09651202M8WFW2MZL74V_db.internal.epitechproject.fr_CNAME",
            "latency_routing_policy": [],
            "multivalue_answer_routing_policy": false,
            "name": "db.internal.epitechproject.fr",
            "records": [
              "tdev700-db.c70qqmq0mh9f.eu-central-1.rds.amazonaws.com"
            ],
            "set_identifier": "",
            "ttl": 60,
            "type": "CNAME",
            "weighted_routing_policy": [],
            "zone_id": "Z09651202M8WFW2MZL74V"
          },
          "sensitive_attributes": [],
          "private": "eyJzY2hlbWFfdmVyc2lvbiI6IjIifQ==",
          "dependencies": [
            "module.database.aws_db_instance.postgresql",
            "module.database.aws_db_subnet_group.database",
            "module.database.aws_route53_zone.private",
            "module.database.data.aws_db_snapshot.final_snapshot",
            "module.security.aws_security_group.api",
            "module.security.aws_security_group.auth",
            "module.security.aws_security_group.frontend",
            "module.security.aws_security_group.load_balancer",
            "module.security.aws_security_group.rds",
            "module.security.aws_security_group.vpc",
            "module.vpc.aws_subnet.private_subnet",
            "module.vpc.aws_vpc.main"
          ]
        }
      ]
    },
    {
      "module": "module.database",
      "mode": "managed",
      "type": "aws_route53_zone",
      "name": "private",
      "provider": "provider[\"registry.terraform.io/hashicorp/aws\"]",
      "instances": [
        {
          "schema_version": 0,
          "attributes": {
            "arn": "arn:aws:route53:::hostedzone/Z09651202M8WFW2MZL74V",
            "comment": "Managed by Terraform",
            "delegation_set_id": "",
            "force_destroy": false,
            "id": "Z09651202M8WFW2MZL74V",
            "name": "internal.epitechproject.fr",
            "name_servers": [
              "ns-0.awsdns-00.com.",
              "ns-1024.awsdns-00.org.",
              "ns-1536.awsdns-00.co.uk.",
              "ns-512.awsdns-00.net."
            ],
            "primary_name_server": "ns-0.awsdns-00.com.",
            "tags": {},
            "tags_all": {},
            "vpc": [
              {
                "vpc_id": "vpc-0a74a7c1f46d92c59",
                "vpc_region": "eu-central-1"
              }
            ],
            "zone_id": "Z09651202M8WFW2MZL74V"
          },
          "sensitive_attributes": [],
          "private": "bnVsbA==",
          "dependencies": [
            "module.vpc.aws_vpc.main"
          ]
        }
      ]
    },
    {
      "module": "module.ecs",
      "mode": "managed",
      "type": "aws_ecs_cluster",
      "name": "main",
      "provider": "provider[\"registry.terraform.io/hashicorp/aws\"]",
      "instances": [
        {
          "schema_version": 0,
          "attributes": {
            "arn": "arn:aws:ecs:eu-central-1:502863813996:cluster/tdev700_cluster",
            "configuration": [],
            "id": "arn:aws:ecs:eu-central-1:502863813996:cluster/tdev700_cluster",
            "name": "tdev700_cluster",
            "service_connect_defaults": [
              {
                "namespace": "arn:aws:servicediscovery:eu-central-1:502863813996:namespace/ns-vth3vehbps3b7alt"
              }
            ],
            "setting": [
              {
                "name": "containerInsights",
                "value": "disabled"
              }
            ],
            "tags": {
              "Project": "tdev700"
            },
            "tags_all": {
              "Project": "tdev700"
            }
          },
          "sensitive_attributes": [],
          "private": "bnVsbA==",
          "dependencies": [
            "module.ecs.aws_service_discovery_http_namespace.main"
          ]
        }
      ]
    },
    {
      "module": "module.ecs",
      "mode": "managed",
      "type": "aws_ecs_service",
      "name": "api",
      "provider": "provider[\"registry.terraform.io/hashicorp/aws\"]",
      "instances": [
        {
          "schema_version": 1,
          "attributes": {
            "alarms": [],
            "availability_zone_rebalancing": "ENABLED",
            "capacity_provider_strategy": [],
            "cluster": "arn:aws:ecs:eu-central-1:502863813996:cluster/tdev700_cluster",
            "deployment_circuit_breaker": [
              {
                "enable": false,
                "rollback": false
              }
            ],
            "deployment_controller": [
              {
                "type": "ECS"
              }
            ],
            "deployment_maximum_percent": 200,
            "deployment_minimum_healthy_percent": 100,
            "desired_count": 1,
            "enable_ecs_managed_tags": true,
            "enable_execute_command": true,
            "force_delete": null,
            "force_new_deployment": null,
            "health_check_grace_period_seconds": 60,
            "iam_role": "/aws-service-role/ecs.amazonaws.com/AWSServiceRoleForECS",
            "id": "arn:aws:ecs:eu-central-1:502863813996:service/tdev700_cluster/api",
            "launch_type": "FARGATE",
            "load_balancer": [
              {
                "container_name": "tdev_api",
                "container_port": 8080,
                "elb_name": "",
                "target_group_arn": "arn:aws:elasticloadbalancing:eu-central-1:502863813996:targetgroup/lb-tg-api-tdev700/c75e89ed783945ac"
              }
            ],
            "name": "api",
            "network_configuration": [
              {
                "assign_public_ip": true,
                "security_groups": [
                  "sg-008d7c41d909f35d4"
                ],
                "subnets": [
                  "subnet-062113502435c5016",
                  "subnet-0842beca7f92e2905",
                  "subnet-0b10baead6e902a37"
                ]
              }
            ],
            "ordered_placement_strategy": [],
            "placement_constraints": [],
            "platform_version": "LATEST",
            "propagate_tags": "NONE",
            "scheduling_strategy": "REPLICA",
            "service_connect_configuration": [],
            "service_registries": [],
            "tags": {
              "Project": "tdev700"
            },
            "tags_all": {
              "Project": "tdev700"
            },
            "task_definition": "arn:aws:ecs:eu-central-1:502863813996:task-definition/tdev_api:12",
            "timeouts": null,
            "triggers": {},
            "volume_configuration": [],
            "vpc_lattice_configurations": [],
            "wait_for_steady_state": false
          },
          "sensitive_attributes": [],
          "private": "eyJlMmJmYjczMC1lY2FhLTExZTYtOGY4OC0zNDM2M2JjN2M0YzAiOnsiY3JlYXRlIjoxMjAwMDAwMDAwMDAwLCJkZWxldGUiOjEyMDAwMDAwMDAwMDAsInVwZGF0ZSI6MTIwMDAwMDAwMDAwMH0sInNjaGVtYV92ZXJzaW9uIjoiMSJ9",
          "dependencies": [
            "module.ecs.aws_ecs_cluster.main",
            "module.ecs.aws_ecs_task_definition.api",
            "module.ecs.aws_service_discovery_http_namespace.main",
            "module.load_balancer.aws_lb_target_group.api",
            "module.load_balancer.aws_lb_target_group.auth",
            "module.load_balancer.aws_lb_target_group.frontend",
            "module.security.aws_security_group.api",
            "module.security.aws_security_group.auth",
            "module.security.aws_security_group.frontend",
            "module.security.aws_security_group.load_balancer",
            "module.security.aws_security_group.rds",
            "module.security.aws_security_group.vpc",
            "module.vpc.aws_subnet.public_subnet",
            "module.vpc.aws_vpc.main"
          ]
        }
      ]
    },
    {
      "module": "module.ecs",
      "mode": "managed",
      "type": "aws_ecs_service",
      "name": "auth",
      "provider": "provider[\"registry.terraform.io/hashicorp/aws\"]",
      "instances": [
        {
          "schema_version": 1,
          "attributes": {
            "alarms": [],
            "availability_zone_rebalancing": "ENABLED",
            "capacity_provider_strategy": [],
            "cluster": "arn:aws:ecs:eu-central-1:502863813996:cluster/tdev700_cluster",
            "deployment_circuit_breaker": [
              {
                "enable": false,
                "rollback": false
              }
            ],
            "deployment_controller": [
              {
                "type": "ECS"
              }
            ],
            "deployment_maximum_percent": 200,
            "deployment_minimum_healthy_percent": 100,
            "desired_count": 1,
            "enable_ecs_managed_tags": true,
            "enable_execute_command": true,
            "force_delete": null,
            "force_new_deployment": null,
            "health_check_grace_period_seconds": 60,
            "iam_role": "/aws-service-role/ecs.amazonaws.com/AWSServiceRoleForECS",
            "id": "arn:aws:ecs:eu-central-1:502863813996:service/tdev700_cluster/auth",
            "launch_type": "FARGATE",
            "load_balancer": [
              {
                "container_name": "tdev_auth",
                "container_port": 8080,
                "elb_name": "",
                "target_group_arn": "arn:aws:elasticloadbalancing:eu-central-1:502863813996:targetgroup/lb-tg-auth-tdev700/a7a19cd66f00cf9d"
              }
            ],
            "name": "auth",
            "network_configuration": [
              {
                "assign_public_ip": true,
                "security_groups": [
                  "sg-0fc61ed88f95fc0e6"
                ],
                "subnets": [
                  "subnet-062113502435c5016",
                  "subnet-0842beca7f92e2905",
                  "subnet-0b10baead6e902a37"
                ]
              }
            ],
            "ordered_placement_strategy": [],
            "placement_constraints": [],
            "platform_version": "LATEST",
            "propagate_tags": "NONE",
            "scheduling_strategy": "REPLICA",
            "service_connect_configuration": [],
            "service_registries": [],
            "tags": {
              "Project": "tdev700"
            },
            "tags_all": {
              "Project": "tdev700"
            },
            "task_definition": "arn:aws:ecs:eu-central-1:502863813996:task-definition/tdev_auth:15",
            "timeouts": null,
            "triggers": {},
            "volume_configuration": [],
            "vpc_lattice_configurations": [],
            "wait_for_steady_state": false
          },
          "sensitive_attributes": [],
          "private": "eyJlMmJmYjczMC1lY2FhLTExZTYtOGY4OC0zNDM2M2JjN2M0YzAiOnsiY3JlYXRlIjoxMjAwMDAwMDAwMDAwLCJkZWxldGUiOjEyMDAwMDAwMDAwMDAsInVwZGF0ZSI6MTIwMDAwMDAwMDAwMH0sInNjaGVtYV92ZXJzaW9uIjoiMSJ9",
          "dependencies": [
            "module.ecs.aws_ecs_cluster.main",
            "module.ecs.aws_ecs_task_definition.auth",
            "module.ecs.aws_service_discovery_http_namespace.main",
            "module.load_balancer.aws_lb_target_group.api",
            "module.load_balancer.aws_lb_target_group.auth",
            "module.load_balancer.aws_lb_target_group.frontend",
            "module.security.aws_security_group.api",
            "module.security.aws_security_group.auth",
            "module.security.aws_security_group.frontend",
            "module.security.aws_security_group.load_balancer",
            "module.security.aws_security_group.rds",
            "module.security.aws_security_group.vpc",
            "module.vpc.aws_subnet.public_subnet",
            "module.vpc.aws_vpc.main"
          ]
        }
      ]
    },
    {
      "module": "module.ecs",
      "mode": "managed",
      "type": "aws_ecs_service",
      "name": "frontend",
      "provider": "provider[\"registry.terraform.io/hashicorp/aws\"]",
      "instances": [
        {
          "schema_version": 1,
          "attributes": {
            "alarms": [],
            "availability_zone_rebalancing": "ENABLED",
            "capacity_provider_strategy": [],
            "cluster": "arn:aws:ecs:eu-central-1:502863813996:cluster/tdev700_cluster",
            "deployment_circuit_breaker": [
              {
                "enable": false,
                "rollback": false
              }
            ],
            "deployment_controller": [
              {
                "type": "ECS"
              }
            ],
            "deployment_maximum_percent": 200,
            "deployment_minimum_healthy_percent": 100,
            "desired_count": 1,
            "enable_ecs_managed_tags": true,
            "enable_execute_command": true,
            "force_delete": null,
            "force_new_deployment": null,
            "health_check_grace_period_seconds": 60,
            "iam_role": "/aws-service-role/ecs.amazonaws.com/AWSServiceRoleForECS",
            "id": "arn:aws:ecs:eu-central-1:502863813996:service/tdev700_cluster/frontend",
            "launch_type": "FARGATE",
            "load_balancer": [
              {
                "container_name": "tdev_api",
                "container_port": 3000,
                "elb_name": "",
                "target_group_arn": "arn:aws:elasticloadbalancing:eu-central-1:502863813996:targetgroup/lb-tg-frontend-tdev700/c278321694ac9a9b"
              }
            ],
            "name": "frontend",
            "network_configuration": [
              {
                "assign_public_ip": true,
                "security_groups": [
                  "sg-0298f3cccc6392c03"
                ],
                "subnets": [
                  "subnet-062113502435c5016",
                  "subnet-0842beca7f92e2905",
                  "subnet-0b10baead6e902a37"
                ]
              }
            ],
            "ordered_placement_strategy": [],
            "placement_constraints": [],
            "platform_version": "LATEST",
            "propagate_tags": "NONE",
            "scheduling_strategy": "REPLICA",
            "service_connect_configuration": [],
            "service_registries": [],
            "tags": {
              "Project": "tdev700"
            },
            "tags_all": {
              "Project": "tdev700"
            },
            "task_definition": "arn:aws:ecs:eu-central-1:502863813996:task-definition/tdev_frontend:8",
            "timeouts": null,
            "triggers": {},
            "volume_configuration": [],
            "vpc_lattice_configurations": [],
            "wait_for_steady_state": false
          },
          "sensitive_attributes": [],
          "private": "eyJlMmJmYjczMC1lY2FhLTExZTYtOGY4OC0zNDM2M2JjN2M0YzAiOnsiY3JlYXRlIjoxMjAwMDAwMDAwMDAwLCJkZWxldGUiOjEyMDAwMDAwMDAwMDAsInVwZGF0ZSI6MTIwMDAwMDAwMDAwMH0sInNjaGVtYV92ZXJzaW9uIjoiMSJ9",
          "dependencies": [
            "module.ecs.aws_ecs_cluster.main",
            "module.ecs.aws_ecs_task_definition.frontend",
            "module.ecs.aws_service_discovery_http_namespace.main",
            "module.load_balancer.aws_lb_target_group.api",
            "module.load_balancer.aws_lb_target_group.auth",
            "module.load_balancer.aws_lb_target_group.frontend",
            "module.security.aws_security_group.api",
            "module.security.aws_security_group.auth",
            "module.security.aws_security_group.frontend",
            "module.security.aws_security_group.load_balancer",
            "module.security.aws_security_group.rds",
            "module.security.aws_security_group.vpc",
            "module.vpc.aws_subnet.public_subnet",
            "module.vpc.aws_vpc.main"
          ]
        }
      ]
    },
    {
      "module": "module.ecs",
      "mode": "managed",
      "type": "aws_ecs_task_definition",
      "name": "api",
      "provider": "provider[\"registry.terraform.io/hashicorp/aws\"]",
      "instances": [
        {
          "schema_version": 1,
          "attributes": {
            "arn": "arn:aws:ecs:eu-central-1:502863813996:task-definition/tdev_api:12",
            "arn_without_revision": "arn:aws:ecs:eu-central-1:502863813996:task-definition/tdev_api",
            "container_definitions": "[{\"environment\":[{\"name\":\"ASPNETCORE_ENVIRONMENT\",\"value\":\"Production\"}],\"essential\":true,\"image\":\"502863813996.dkr.ecr.eu-central-1.amazonaws.com/t-dev-702/prod/api:latest\",\"logConfiguration\":{\"logDriver\":\"awslogs\",\"options\":{\"mode\":\"non-blocking\",\"awslogs-create-group\":\"true\",\"max-buffer-size\":\"25m\",\"awslogs-region\":\"eu-central-1\",\"awslogs-stream-prefix\":\"ecs\",\"awslogs-group\":\"/ecs/tdev_api\"},\"secretOptions\":[]},\"mountPoints\":[],\"name\":\"tdev_api\",\"portMappings\":[{\"appProtocol\":\"http\",\"containerPort\":8080,\"hostPort\":8080,\"name\":\"api\",\"protocol\":\"tcp\"}],\"systemControls\":[],\"volumesFrom\":[]}]",
            "cpu": "256",
            "enable_fault_injection": false,
            "ephemeral_storage": [],
            "execution_role_arn": "arn:aws:iam::502863813996:role/ecsTaskExecutionRole",
            "family": "tdev_api",
            "id": "tdev_api",
            "inference_accelerator": [],
            "ipc_mode": "",
            "memory": "512",
            "network_mode": "awsvpc",
            "pid_mode": "",
            "placement_constraints": [],
            "proxy_configuration": [],
            "requires_compatibilities": [
              "FARGATE"
            ],
            "revision": 12,
            "runtime_platform": [
              {
                "cpu_architecture": "X86_64",
                "operating_system_family": "LINUX"
              }
            ],
            "skip_destroy": false,
            "tags": {
              "Project": "tdev700"
            },
            "tags_all": {
              "Project": "tdev700"
            },
            "task_role_arn": "arn:aws:iam::502863813996:role/ECSSeeqrRole",
            "track_latest": false,
            "volume": []
          },
          "sensitive_attributes": [],
          "private": "eyJzY2hlbWFfdmVyc2lvbiI6IjEifQ=="
        }
      ]
    },
    {
      "module": "module.ecs",
      "mode": "managed",
      "type": "aws_ecs_task_definition",
      "name": "auth",
      "provider": "provider[\"registry.terraform.io/hashicorp/aws\"]",
      "instances": [
        {
          "schema_version": 1,
          "attributes": {
            "arn": "arn:aws:ecs:eu-central-1:502863813996:task-definition/tdev_auth:15",
            "arn_without_revision": "arn:aws:ecs:eu-central-1:502863813996:task-definition/tdev_auth",
            "container_definitions": "[{\"environment\":[{\"name\":\"ASPNETCORE_ENVIRONMENT\",\"value\":\"Production\"}],\"essential\":true,\"image\":\"502863813996.dkr.ecr.eu-central-1.amazonaws.com/t-dev-702/prod/auth:latest\",\"logConfiguration\":{\"logDriver\":\"awslogs\",\"options\":{\"awslogs-group\":\"/ecs/tdev_auth\",\"mode\":\"non-blocking\",\"awslogs-create-group\":\"true\",\"max-buffer-size\":\"25m\",\"awslogs-region\":\"eu-central-1\",\"awslogs-stream-prefix\":\"ecs\"},\"secretOptions\":[]},\"mountPoints\":[],\"name\":\"tdev_auth\",\"portMappings\":[{\"appProtocol\":\"http\",\"containerPort\":8080,\"hostPort\":8080,\"name\":\"auth\",\"protocol\":\"tcp\"}],\"systemControls\":[],\"volumesFrom\":[]}]",
            "cpu": "256",
            "enable_fault_injection": false,
            "ephemeral_storage": [],
            "execution_role_arn": "arn:aws:iam::502863813996:role/ecsTaskExecutionRole",
            "family": "tdev_auth",
            "id": "tdev_auth",
            "inference_accelerator": [],
            "ipc_mode": "",
            "memory": "512",
            "network_mode": "awsvpc",
            "pid_mode": "",
            "placement_constraints": [],
            "proxy_configuration": [],
            "requires_compatibilities": [
              "FARGATE"
            ],
            "revision": 15,
            "runtime_platform": [
              {
                "cpu_architecture": "X86_64",
                "operating_system_family": "LINUX"
              }
            ],
            "skip_destroy": false,
            "tags": {
              "Project": "tdev700"
            },
            "tags_all": {
              "Project": "tdev700"
            },
            "task_role_arn": "arn:aws:iam::502863813996:role/ECSSeeqrRole",
            "track_latest": false,
            "volume": []
          },
          "sensitive_attributes": [],
          "private": "eyJzY2hlbWFfdmVyc2lvbiI6IjEifQ=="
        }
      ]
    },
    {
      "module": "module.ecs",
      "mode": "managed",
      "type": "aws_ecs_task_definition",
      "name": "frontend",
      "provider": "provider[\"registry.terraform.io/hashicorp/aws\"]",
      "instances": [
        {
          "schema_version": 1,
          "attributes": {
            "arn": "arn:aws:ecs:eu-central-1:502863813996:task-definition/tdev_frontend:8",
            "arn_without_revision": "arn:aws:ecs:eu-central-1:502863813996:task-definition/tdev_frontend",
            "container_definitions": "[{\"environment\":[{\"name\":\"ASPNETCORE_ENVIRONMENT\",\"value\":\"Production\"}],\"essential\":true,\"image\":\"502863813996.dkr.ecr.eu-central-1.amazonaws.com/t-dev-702/prod/frontend:latest\",\"logConfiguration\":{\"logDriver\":\"awslogs\",\"options\":{\"mode\":\"non-blocking\",\"awslogs-create-group\":\"true\",\"max-buffer-size\":\"25m\",\"awslogs-region\":\"eu-central-1\",\"awslogs-stream-prefix\":\"ecs\",\"awslogs-group\":\"/ecs/tdev_frontend\"},\"secretOptions\":[]},\"mountPoints\":[],\"name\":\"tdev_api\",\"portMappings\":[{\"appProtocol\":\"http\",\"containerPort\":3000,\"hostPort\":3000,\"name\":\"frontend\",\"protocol\":\"tcp\"}],\"systemControls\":[],\"volumesFrom\":[]}]",
            "cpu": "256",
            "enable_fault_injection": false,
            "ephemeral_storage": [],
            "execution_role_arn": "arn:aws:iam::502863813996:role/ecsTaskExecutionRole",
            "family": "tdev_frontend",
            "id": "tdev_frontend",
            "inference_accelerator": [],
            "ipc_mode": "",
            "memory": "512",
            "network_mode": "awsvpc",
            "pid_mode": "",
            "placement_constraints": [],
            "proxy_configuration": [],
            "requires_compatibilities": [
              "FARGATE"
            ],
            "revision": 8,
            "runtime_platform": [
              {
                "cpu_architecture": "X86_64",
                "operating_system_family": "LINUX"
              }
            ],
            "skip_destroy": false,
            "tags": {
              "Project": "tdev700"
            },
            "tags_all": {
              "Project": "tdev700"
            },
            "task_role_arn": "arn:aws:iam::502863813996:role/ECSSeeqrRole",
            "track_latest": false,
            "volume": []
          },
          "sensitive_attributes": [],
          "private": "eyJzY2hlbWFfdmVyc2lvbiI6IjEifQ=="
        }
      ]
    },
    {
      "module": "module.ecs",
      "mode": "managed",
      "type": "aws_service_discovery_http_namespace",
      "name": "main",
      "provider": "provider[\"registry.terraform.io/hashicorp/aws\"]",
      "instances": [
        {
          "schema_version": 0,
          "attributes": {
            "arn": "arn:aws:servicediscovery:eu-central-1:502863813996:namespace/ns-vth3vehbps3b7alt",
            "description": "",
            "http_name": "tdev700_http_ns",
            "id": "ns-vth3vehbps3b7alt",
            "name": "tdev700_http_ns",
            "tags": {
              "AmazonECSManaged": "true",
              "Project": "tdev700"
            },
            "tags_all": {
              "AmazonECSManaged": "true",
              "Project": "tdev700"
            }
          },
          "sensitive_attributes": [],
          "private": "bnVsbA=="
        }
      ]
    },
    {
      "module": "module.load_balancer",
      "mode": "managed",
      "type": "aws_lb",
      "name": "main",
      "provider": "provider[\"registry.terraform.io/hashicorp/aws\"]",
      "instances": [
        {
          "schema_version": 0,
          "attributes": {
            "access_logs": [
              {
                "bucket": "",
                "enabled": false,
                "prefix": ""
              }
            ],
            "arn": "arn:aws:elasticloadbalancing:eu-central-1:502863813996:loadbalancer/app/lb-tdev700/fb3fa1931cc95dea",
            "arn_suffix": "app/lb-tdev700/fb3fa1931cc95dea",
            "client_keep_alive": 3600,
            "connection_logs": [
              {
                "bucket": "",
                "enabled": false,
                "prefix": ""
              }
            ],
            "customer_owned_ipv4_pool": "",
            "desync_mitigation_mode": "defensive",
            "dns_name": "lb-tdev700-302380393.eu-central-1.elb.amazonaws.com",
            "dns_record_client_routing_policy": null,
            "drop_invalid_header_fields": false,
            "enable_cross_zone_load_balancing": true,
            "enable_deletion_protection": false,
            "enable_http2": true,
            "enable_tls_version_and_cipher_suite_headers": false,
            "enable_waf_fail_open": false,
            "enable_xff_client_port": false,
            "enable_zonal_shift": false,
            "enforce_security_group_inbound_rules_on_private_link_traffic": "",
            "id": "arn:aws:elasticloadbalancing:eu-central-1:502863813996:loadbalancer/app/lb-tdev700/fb3fa1931cc95dea",
            "idle_timeout": 60,
            "internal": false,
            "ip_address_type": "dualstack",
            "load_balancer_type": "application",
            "name": "lb-tdev700",
            "name_prefix": "",
            "preserve_host_header": false,
            "security_groups": [
              "sg-0406cdda50a395ea7"
            ],
            "subnet_mapping": [
              {
                "allocation_id": "",
                "ipv6_address": "",
                "outpost_id": "",
                "private_ipv4_address": "",
                "subnet_id": "subnet-062113502435c5016"
              },
              {
                "allocation_id": "",
                "ipv6_address": "",
                "outpost_id": "",
                "private_ipv4_address": "",
                "subnet_id": "subnet-0842beca7f92e2905"
              },
              {
                "allocation_id": "",
                "ipv6_address": "",
                "outpost_id": "",
                "private_ipv4_address": "",
                "subnet_id": "subnet-0b10baead6e902a37"
              }
            ],
            "subnets": [
              "subnet-062113502435c5016",
              "subnet-0842beca7f92e2905",
              "subnet-0b10baead6e902a37"
            ],
            "tags": {
              "Project": "tdev700"
            },
            "tags_all": {
              "Project": "tdev700"
            },
            "timeouts": null,
            "vpc_id": "vpc-0a74a7c1f46d92c59",
            "xff_header_processing_mode": "append",
            "zone_id": "Z215JYRZR1TBD5"
          },
          "sensitive_attributes": [],
          "private": "eyJlMmJmYjczMC1lY2FhLTExZTYtOGY4OC0zNDM2M2JjN2M0YzAiOnsiY3JlYXRlIjo2MDAwMDAwMDAwMDAsImRlbGV0ZSI6NjAwMDAwMDAwMDAwLCJ1cGRhdGUiOjYwMDAwMDAwMDAwMH19",
          "dependencies": [
            "module.security.aws_security_group.api",
            "module.security.aws_security_group.auth",
            "module.security.aws_security_group.frontend",
            "module.security.aws_security_group.load_balancer",
            "module.security.aws_security_group.rds",
            "module.security.aws_security_group.vpc",
            "module.vpc.aws_subnet.public_subnet",
            "module.vpc.aws_vpc.main"
          ]
        }
      ]
    },
    {
      "module": "module.load_balancer",
      "mode": "managed",
      "type": "aws_lb_listener",
      "name": "main",
      "provider": "provider[\"registry.terraform.io/hashicorp/aws\"]",
      "instances": [
        {
          "schema_version": 0,
          "attributes": {
            "alpn_policy": null,
            "arn": "arn:aws:elasticloadbalancing:eu-central-1:502863813996:listener/app/lb-tdev700/fb3fa1931cc95dea/f9437c3aae8aa8c4",
            "certificate_arn": "arn:aws:acm:eu-central-1:502863813996:certificate/1cd8114a-0789-4ac7-b3f9-dc01576cf8ef",
            "default_action": [
              {
                "authenticate_cognito": [],
                "authenticate_oidc": [],
                "fixed_response": [],
                "forward": [
                  {
                    "stickiness": [
                      {
                        "duration": 3600,
                        "enabled": false
                      }
                    ],
                    "target_group": [
                      {
                        "arn": "arn:aws:elasticloadbalancing:eu-central-1:502863813996:targetgroup/lb-tg-frontend-tdev700/c278321694ac9a9b",
                        "weight": 1
                      }
                    ]
                  }
                ],
                "order": 1,
                "redirect": [],
                "target_group_arn": "arn:aws:elasticloadbalancing:eu-central-1:502863813996:targetgroup/lb-tg-frontend-tdev700/c278321694ac9a9b",
                "type": "forward"
              }
            ],
            "id": "arn:aws:elasticloadbalancing:eu-central-1:502863813996:listener/app/lb-tdev700/fb3fa1931cc95dea/f9437c3aae8aa8c4",
            "load_balancer_arn": "arn:aws:elasticloadbalancing:eu-central-1:502863813996:loadbalancer/app/lb-tdev700/fb3fa1931cc95dea",
            "mutual_authentication": [
              {
                "advertise_trust_store_ca_names": "",
                "ignore_client_certificate_expiry": false,
                "mode": "off",
                "trust_store_arn": ""
              }
            ],
            "port": 443,
            "protocol": "HTTPS",
            "routing_http_request_x_amzn_mtls_clientcert_header_name": "",
            "routing_http_request_x_amzn_mtls_clientcert_issuer_header_name": "",
            "routing_http_request_x_amzn_mtls_clientcert_leaf_header_name": "",
            "routing_http_request_x_amzn_mtls_clientcert_serial_number_header_name": "",
            "routing_http_request_x_amzn_mtls_clientcert_subject_header_name": "",
            "routing_http_request_x_amzn_mtls_clientcert_validity_header_name": "",
            "routing_http_request_x_amzn_tls_cipher_suite_header_name": "",
            "routing_http_request_x_amzn_tls_version_header_name": "",
            "routing_http_response_access_control_allow_credentials_header_value": "",
            "routing_http_response_access_control_allow_headers_header_value": "",
            "routing_http_response_access_control_allow_methods_header_value": "",
            "routing_http_response_access_control_allow_origin_header_value": "",
            "routing_http_response_access_control_expose_headers_header_value": "",
            "routing_http_response_access_control_max_age_header_value": "",
            "routing_http_response_content_security_policy_header_value": "",
            "routing_http_response_server_enabled": true,
            "routing_http_response_strict_transport_security_header_value": "",
            "routing_http_response_x_content_type_options_header_value": "",
            "routing_http_response_x_frame_options_header_value": "",
            "ssl_policy": "ELBSecurityPolicy-TLS13-1-2-2021-06",
            "tags": {
              "Project": "tdev700"
            },
            "tags_all": {
              "Project": "tdev700"
            },
            "tcp_idle_timeout_seconds": null,
            "timeouts": null
          },
          "sensitive_attributes": [],
          "private": "eyJlMmJmYjczMC1lY2FhLTExZTYtOGY4OC0zNDM2M2JjN2M0YzAiOnsiY3JlYXRlIjozMDAwMDAwMDAwMDAsInVwZGF0ZSI6MzAwMDAwMDAwMDAwfX0=",
          "dependencies": [
            "module.load_balancer.aws_lb.main",
            "module.load_balancer.aws_lb_target_group.frontend",
            "module.security.aws_security_group.api",
            "module.security.aws_security_group.auth",
            "module.security.aws_security_group.frontend",
            "module.security.aws_security_group.load_balancer",
            "module.security.aws_security_group.rds",
            "module.security.aws_security_group.vpc",
            "module.vpc.aws_subnet.public_subnet",
            "module.vpc.aws_vpc.main"
          ]
        }
      ]
    },
    {
      "module": "module.load_balancer",
      "mode": "managed",
      "type": "aws_lb_listener_rule",
      "name": "api",
      "provider": "provider[\"registry.terraform.io/hashicorp/aws\"]",
      "instances": [
        {
          "schema_version": 0,
          "attributes": {
            "action": [
              {
                "authenticate_cognito": [],
                "authenticate_oidc": [],
                "fixed_response": [],
                "forward": [
                  {
                    "stickiness": [
                      {
                        "duration": 3600,
                        "enabled": false
                      }
                    ],
                    "target_group": [
                      {
                        "arn": "arn:aws:elasticloadbalancing:eu-central-1:502863813996:targetgroup/lb-tg-api-tdev700/c75e89ed783945ac",
                        "weight": 1
                      }
                    ]
                  }
                ],
                "order": 1,
                "redirect": [],
                "target_group_arn": "",
                "type": "forward"
              }
            ],
            "arn": "arn:aws:elasticloadbalancing:eu-central-1:502863813996:listener-rule/app/lb-tdev700/fb3fa1931cc95dea/f9437c3aae8aa8c4/987c7ac8d5e04ee9",
            "condition": [
              {
                "host_header": [
                  {
                    "values": [
                      "api.*"
                    ]
                  }
                ],
                "http_header": [],
                "http_request_method": [],
                "path_pattern": [],
                "query_string": [],
                "source_ip": []
              }
            ],
            "id": "arn:aws:elasticloadbalancing:eu-central-1:502863813996:listener-rule/app/lb-tdev700/fb3fa1931cc95dea/f9437c3aae8aa8c4/987c7ac8d5e04ee9",
            "listener_arn": "arn:aws:elasticloadbalancing:eu-central-1:502863813996:listener/app/lb-tdev700/fb3fa1931cc95dea/f9437c3aae8aa8c4",
            "priority": 3,
            "tags": {
              "Project": "tdev700"
            },
            "tags_all": {
              "Project": "tdev700"
            }
          },
          "sensitive_attributes": [],
          "private": "bnVsbA==",
          "dependencies": [
            "module.load_balancer.aws_lb.main",
            "module.load_balancer.aws_lb_listener.main",
            "module.load_balancer.aws_lb_target_group.api",
            "module.load_balancer.aws_lb_target_group.frontend",
            "module.security.aws_security_group.api",
            "module.security.aws_security_group.auth",
            "module.security.aws_security_group.frontend",
            "module.security.aws_security_group.load_balancer",
            "module.security.aws_security_group.rds",
            "module.security.aws_security_group.vpc",
            "module.vpc.aws_subnet.public_subnet",
            "module.vpc.aws_vpc.main"
          ]
        }
      ]
    },
    {
      "module": "module.load_balancer",
      "mode": "managed",
      "type": "aws_lb_listener_rule",
      "name": "auth",
      "provider": "provider[\"registry.terraform.io/hashicorp/aws\"]",
      "instances": [
        {
          "schema_version": 0,
          "attributes": {
            "action": [
              {
                "authenticate_cognito": [],
                "authenticate_oidc": [],
                "fixed_response": [],
                "forward": [
                  {
                    "stickiness": [
                      {
                        "duration": 3600,
                        "enabled": false
                      }
                    ],
                    "target_group": [
                      {
                        "arn": "arn:aws:elasticloadbalancing:eu-central-1:502863813996:targetgroup/lb-tg-auth-tdev700/a7a19cd66f00cf9d",
                        "weight": 1
                      }
                    ]
                  }
                ],
                "order": 1,
                "redirect": [],
                "target_group_arn": "",
                "type": "forward"
              }
            ],
            "arn": "arn:aws:elasticloadbalancing:eu-central-1:502863813996:listener-rule/app/lb-tdev700/fb3fa1931cc95dea/f9437c3aae8aa8c4/740c78e779af1cd1",
            "condition": [
              {
                "host_header": [
                  {
                    "values": [
                      "auth.*"
                    ]
                  }
                ],
                "http_header": [],
                "http_request_method": [],
                "path_pattern": [],
                "query_string": [],
                "source_ip": []
              }
            ],
            "id": "arn:aws:elasticloadbalancing:eu-central-1:502863813996:listener-rule/app/lb-tdev700/fb3fa1931cc95dea/f9437c3aae8aa8c4/740c78e779af1cd1",
            "listener_arn": "arn:aws:elasticloadbalancing:eu-central-1:502863813996:listener/app/lb-tdev700/fb3fa1931cc95dea/f9437c3aae8aa8c4",
            "priority": 2,
            "tags": {
              "Project": "tdev700"
            },
            "tags_all": {
              "Project": "tdev700"
            }
          },
          "sensitive_attributes": [],
          "private": "bnVsbA==",
          "dependencies": [
            "module.load_balancer.aws_lb.main",
            "module.load_balancer.aws_lb_listener.main",
            "module.load_balancer.aws_lb_target_group.auth",
            "module.load_balancer.aws_lb_target_group.frontend",
            "module.security.aws_security_group.api",
            "module.security.aws_security_group.auth",
            "module.security.aws_security_group.frontend",
            "module.security.aws_security_group.load_balancer",
            "module.security.aws_security_group.rds",
            "module.security.aws_security_group.vpc",
            "module.vpc.aws_subnet.public_subnet",
            "module.vpc.aws_vpc.main"
          ]
        }
      ]
    },
    {
      "module": "module.load_balancer",
      "mode": "managed",
      "type": "aws_lb_target_group",
      "name": "api",
      "provider": "provider[\"registry.terraform.io/hashicorp/aws\"]",
      "instances": [
        {
          "schema_version": 0,
          "attributes": {
            "arn": "arn:aws:elasticloadbalancing:eu-central-1:502863813996:targetgroup/lb-tg-api-tdev700/c75e89ed783945ac",
            "arn_suffix": "targetgroup/lb-tg-api-tdev700/c75e89ed783945ac",
            "connection_termination": null,
            "deregistration_delay": "300",
            "health_check": [
              {
                "enabled": true,
                "healthy_threshold": 5,
                "interval": 30,
                "matcher": "200",
                "path": "/api/v1/healthcheck",
                "port": "traffic-port",
                "protocol": "HTTP",
                "timeout": 5,
                "unhealthy_threshold": 2
              }
            ],
            "id": "arn:aws:elasticloadbalancing:eu-central-1:502863813996:targetgroup/lb-tg-api-tdev700/c75e89ed783945ac",
            "ip_address_type": "ipv4",
            "lambda_multi_value_headers_enabled": false,
            "load_balancer_arns": [
              "arn:aws:elasticloadbalancing:eu-central-1:502863813996:loadbalancer/app/lb-tdev700/fb3fa1931cc95dea"
            ],
            "load_balancing_algorithm_type": "round_robin",
            "load_balancing_anomaly_mitigation": "off",
            "load_balancing_cross_zone_enabled": "use_load_balancer_configuration",
            "name": "lb-tg-api-tdev700",
            "name_prefix": "",
            "port": 8080,
            "preserve_client_ip": null,
            "protocol": "HTTP",
            "protocol_version": "HTTP1",
            "proxy_protocol_v2": false,
            "slow_start": 0,
            "stickiness": [
              {
                "cookie_duration": 86400,
                "cookie_name": "",
                "enabled": false,
                "type": "lb_cookie"
              }
            ],
            "tags": {},
            "tags_all": {},
            "target_failover": [
              {
                "on_deregistration": null,
                "on_unhealthy": null
              }
            ],
            "target_group_health": [
              {
                "dns_failover": [
                  {
                    "minimum_healthy_targets_count": "1",
                    "minimum_healthy_targets_percentage": "off"
                  }
                ],
                "unhealthy_state_routing": [
                  {
                    "minimum_healthy_targets_count": 1,
                    "minimum_healthy_targets_percentage": "off"
                  }
                ]
              }
            ],
            "target_health_state": [
              {
                "enable_unhealthy_connection_termination": null,
                "unhealthy_draining_interval": null
              }
            ],
            "target_type": "ip",
            "vpc_id": "vpc-0a74a7c1f46d92c59"
          },
          "sensitive_attributes": [],
          "private": "bnVsbA==",
          "dependencies": [
            "module.vpc.aws_vpc.main"
          ]
        }
      ]
    },
    {
      "module": "module.load_balancer",
      "mode": "managed",
      "type": "aws_lb_target_group",
      "name": "auth",
      "provider": "provider[\"registry.terraform.io/hashicorp/aws\"]",
      "instances": [
        {
          "schema_version": 0,
          "attributes": {
            "arn": "arn:aws:elasticloadbalancing:eu-central-1:502863813996:targetgroup/lb-tg-auth-tdev700/a7a19cd66f00cf9d",
            "arn_suffix": "targetgroup/lb-tg-auth-tdev700/a7a19cd66f00cf9d",
            "connection_termination": null,
            "deregistration_delay": "300",
            "health_check": [
              {
                "enabled": true,
                "healthy_threshold": 5,
                "interval": 30,
                "matcher": "200",
                "path": "/api/auth/healthcheck",
                "port": "traffic-port",
                "protocol": "HTTP",
                "timeout": 5,
                "unhealthy_threshold": 2
              }
            ],
            "id": "arn:aws:elasticloadbalancing:eu-central-1:502863813996:targetgroup/lb-tg-auth-tdev700/a7a19cd66f00cf9d",
            "ip_address_type": "ipv4",
            "lambda_multi_value_headers_enabled": false,
            "load_balancer_arns": [
              "arn:aws:elasticloadbalancing:eu-central-1:502863813996:loadbalancer/app/lb-tdev700/fb3fa1931cc95dea"
            ],
            "load_balancing_algorithm_type": "round_robin",
            "load_balancing_anomaly_mitigation": "off",
            "load_balancing_cross_zone_enabled": "use_load_balancer_configuration",
            "name": "lb-tg-auth-tdev700",
            "name_prefix": "",
            "port": 8080,
            "preserve_client_ip": null,
            "protocol": "HTTP",
            "protocol_version": "HTTP1",
            "proxy_protocol_v2": false,
            "slow_start": 0,
            "stickiness": [
              {
                "cookie_duration": 86400,
                "cookie_name": "",
                "enabled": false,
                "type": "lb_cookie"
              }
            ],
            "tags": {},
            "tags_all": {},
            "target_failover": [
              {
                "on_deregistration": null,
                "on_unhealthy": null
              }
            ],
            "target_group_health": [
              {
                "dns_failover": [
                  {
                    "minimum_healthy_targets_count": "1",
                    "minimum_healthy_targets_percentage": "off"
                  }
                ],
                "unhealthy_state_routing": [
                  {
                    "minimum_healthy_targets_count": 1,
                    "minimum_healthy_targets_percentage": "off"
                  }
                ]
              }
            ],
            "target_health_state": [
              {
                "enable_unhealthy_connection_termination": null,
                "unhealthy_draining_interval": null
              }
            ],
            "target_type": "ip",
            "vpc_id": "vpc-0a74a7c1f46d92c59"
          },
          "sensitive_attributes": [],
          "private": "bnVsbA==",
          "dependencies": [
            "module.vpc.aws_vpc.main"
          ]
        }
      ]
    },
    {
      "module": "module.load_balancer",
      "mode": "managed",
      "type": "aws_lb_target_group",
      "name": "frontend",
      "provider": "provider[\"registry.terraform.io/hashicorp/aws\"]",
      "instances": [
        {
          "schema_version": 0,
          "attributes": {
            "arn": "arn:aws:elasticloadbalancing:eu-central-1:502863813996:targetgroup/lb-tg-frontend-tdev700/c278321694ac9a9b",
            "arn_suffix": "targetgroup/lb-tg-frontend-tdev700/c278321694ac9a9b",
            "connection_termination": null,
            "deregistration_delay": "300",
            "health_check": [
              {
                "enabled": true,
                "healthy_threshold": 5,
                "interval": 30,
                "matcher": "200",
                "path": "/sign-in",
                "port": "traffic-port",
                "protocol": "HTTP",
                "timeout": 5,
                "unhealthy_threshold": 2
              }
            ],
            "id": "arn:aws:elasticloadbalancing:eu-central-1:502863813996:targetgroup/lb-tg-frontend-tdev700/c278321694ac9a9b",
            "ip_address_type": "ipv4",
            "lambda_multi_value_headers_enabled": false,
            "load_balancer_arns": [
              "arn:aws:elasticloadbalancing:eu-central-1:502863813996:loadbalancer/app/lb-tdev700/fb3fa1931cc95dea"
            ],
            "load_balancing_algorithm_type": "round_robin",
            "load_balancing_anomaly_mitigation": "off",
            "load_balancing_cross_zone_enabled": "use_load_balancer_configuration",
            "name": "lb-tg-frontend-tdev700",
            "name_prefix": "",
            "port": 3000,
            "preserve_client_ip": null,
            "protocol": "HTTP",
            "protocol_version": "HTTP1",
            "proxy_protocol_v2": false,
            "slow_start": 0,
            "stickiness": [
              {
                "cookie_duration": 86400,
                "cookie_name": "",
                "enabled": false,
                "type": "lb_cookie"
              }
            ],
            "tags": {},
            "tags_all": {},
            "target_failover": [
              {
                "on_deregistration": null,
                "on_unhealthy": null
              }
            ],
            "target_group_health": [
              {
                "dns_failover": [
                  {
                    "minimum_healthy_targets_count": "1",
                    "minimum_healthy_targets_percentage": "off"
                  }
                ],
                "unhealthy_state_routing": [
                  {
                    "minimum_healthy_targets_count": 1,
                    "minimum_healthy_targets_percentage": "off"
                  }
                ]
              }
            ],
            "target_health_state": [
              {
                "enable_unhealthy_connection_termination": null,
                "unhealthy_draining_interval": null
              }
            ],
            "target_type": "ip",
            "vpc_id": "vpc-0a74a7c1f46d92c59"
          },
          "sensitive_attributes": [],
          "private": "bnVsbA==",
          "dependencies": [
            "module.vpc.aws_vpc.main"
          ]
        }
      ]
    },
    {
      "module": "module.load_balancer",
      "mode": "managed",
      "type": "aws_route53_record",
      "name": "a_records",
      "provider": "provider[\"registry.terraform.io/hashicorp/aws\"]",
      "instances": [
        {
          "index_key": "api.epitechproject.fr",
          "schema_version": 2,
          "attributes": {
            "alias": [
              {
                "evaluate_target_health": true,
                "name": "lb-tdev700-302380393.eu-central-1.elb.amazonaws.com",
                "zone_id": "Z215JYRZR1TBD5"
              }
            ],
            "allow_overwrite": null,
            "cidr_routing_policy": [],
            "failover_routing_policy": [],
            "fqdn": "api.epitechproject.fr",
            "geolocation_routing_policy": [],
            "geoproximity_routing_policy": [],
            "health_check_id": "",
            "id": "Z0330838MNQYK0G9MHMC_api.epitechproject.fr_A",
            "latency_routing_policy": [],
            "multivalue_answer_routing_policy": false,
            "name": "api.epitechproject.fr",
            "records": [],
            "set_identifier": "",
            "ttl": 0,
            "type": "A",
            "weighted_routing_policy": [],
            "zone_id": "Z0330838MNQYK0G9MHMC"
          },
          "sensitive_attributes": [],
          "private": "eyJzY2hlbWFfdmVyc2lvbiI6IjIifQ==",
          "dependencies": [
            "data.aws_route53_zone.external",
            "module.load_balancer.aws_lb.main",
            "module.security.aws_security_group.api",
            "module.security.aws_security_group.auth",
            "module.security.aws_security_group.frontend",
            "module.security.aws_security_group.load_balancer",
            "module.security.aws_security_group.rds",
            "module.security.aws_security_group.vpc",
            "module.vpc.aws_subnet.public_subnet",
            "module.vpc.aws_vpc.main"
          ]
        },
        {
          "index_key": "auth.epitechproject.fr",
          "schema_version": 2,
          "attributes": {
            "alias": [
              {
                "evaluate_target_health": true,
                "name": "lb-tdev700-302380393.eu-central-1.elb.amazonaws.com",
                "zone_id": "Z215JYRZR1TBD5"
              }
            ],
            "allow_overwrite": null,
            "cidr_routing_policy": [],
            "failover_routing_policy": [],
            "fqdn": "auth.epitechproject.fr",
            "geolocation_routing_policy": [],
            "geoproximity_routing_policy": [],
            "health_check_id": "",
            "id": "Z0330838MNQYK0G9MHMC_auth.epitechproject.fr_A",
            "latency_routing_policy": [],
            "multivalue_answer_routing_policy": false,
            "name": "auth.epitechproject.fr",
            "records": [],
            "set_identifier": "",
            "ttl": 0,
            "type": "A",
            "weighted_routing_policy": [],
            "zone_id": "Z0330838MNQYK0G9MHMC"
          },
          "sensitive_attributes": [],
          "private": "eyJzY2hlbWFfdmVyc2lvbiI6IjIifQ==",
          "dependencies": [
            "data.aws_route53_zone.external",
            "module.load_balancer.aws_lb.main",
            "module.security.aws_security_group.api",
            "module.security.aws_security_group.auth",
            "module.security.aws_security_group.frontend",
            "module.security.aws_security_group.load_balancer",
            "module.security.aws_security_group.rds",
            "module.security.aws_security_group.vpc",
            "module.vpc.aws_subnet.public_subnet",
            "module.vpc.aws_vpc.main"
          ]
        },
        {
          "index_key": "epitechproject.fr",
          "schema_version": 2,
          "attributes": {
            "alias": [
              {
                "evaluate_target_health": true,
                "name": "lb-tdev700-302380393.eu-central-1.elb.amazonaws.com",
                "zone_id": "Z215JYRZR1TBD5"
              }
            ],
            "allow_overwrite": null,
            "cidr_routing_policy": [],
            "failover_routing_policy": [],
            "fqdn": "epitechproject.fr",
            "geolocation_routing_policy": [],
            "geoproximity_routing_policy": [],
            "health_check_id": "",
            "id": "Z0330838MNQYK0G9MHMC_epitechproject.fr_A",
            "latency_routing_policy": [],
            "multivalue_answer_routing_policy": false,
            "name": "epitechproject.fr",
            "records": [],
            "set_identifier": "",
            "ttl": 0,
            "type": "A",
            "weighted_routing_policy": [],
            "zone_id": "Z0330838MNQYK0G9MHMC"
          },
          "sensitive_attributes": [],
          "private": "eyJzY2hlbWFfdmVyc2lvbiI6IjIifQ==",
          "dependencies": [
            "data.aws_route53_zone.external",
            "module.load_balancer.aws_lb.main",
            "module.security.aws_security_group.api",
            "module.security.aws_security_group.auth",
            "module.security.aws_security_group.frontend",
            "module.security.aws_security_group.load_balancer",
            "module.security.aws_security_group.rds",
            "module.security.aws_security_group.vpc",
            "module.vpc.aws_subnet.public_subnet",
            "module.vpc.aws_vpc.main"
          ]
        }
      ]
    },
    {
      "module": "module.load_balancer",
      "mode": "managed",
      "type": "aws_route53_record",
      "name": "aaaa_records",
      "provider": "provider[\"registry.terraform.io/hashicorp/aws\"]",
      "instances": [
        {
          "index_key": "api.epitechproject.fr",
          "schema_version": 2,
          "attributes": {
            "alias": [
              {
                "evaluate_target_health": true,
                "name": "lb-tdev700-302380393.eu-central-1.elb.amazonaws.com",
                "zone_id": "Z215JYRZR1TBD5"
              }
            ],
            "allow_overwrite": null,
            "cidr_routing_policy": [],
            "failover_routing_policy": [],
            "fqdn": "api.epitechproject.fr",
            "geolocation_routing_policy": [],
            "geoproximity_routing_policy": [],
            "health_check_id": "",
            "id": "Z0330838MNQYK0G9MHMC_api.epitechproject.fr_AAAA",
            "latency_routing_policy": [],
            "multivalue_answer_routing_policy": false,
            "name": "api.epitechproject.fr",
            "records": [],
            "set_identifier": "",
            "ttl": 0,
            "type": "AAAA",
            "weighted_routing_policy": [],
            "zone_id": "Z0330838MNQYK0G9MHMC"
          },
          "sensitive_attributes": [],
          "private": "eyJzY2hlbWFfdmVyc2lvbiI6IjIifQ==",
          "dependencies": [
            "data.aws_route53_zone.external",
            "module.load_balancer.aws_lb.main",
            "module.security.aws_security_group.api",
            "module.security.aws_security_group.auth",
            "module.security.aws_security_group.frontend",
            "module.security.aws_security_group.load_balancer",
            "module.security.aws_security_group.rds",
            "module.security.aws_security_group.vpc",
            "module.vpc.aws_subnet.public_subnet",
            "module.vpc.aws_vpc.main"
          ]
        },
        {
          "index_key": "auth.epitechproject.fr",
          "schema_version": 2,
          "attributes": {
            "alias": [
              {
                "evaluate_target_health": true,
                "name": "lb-tdev700-302380393.eu-central-1.elb.amazonaws.com",
                "zone_id": "Z215JYRZR1TBD5"
              }
            ],
            "allow_overwrite": null,
            "cidr_routing_policy": [],
            "failover_routing_policy": [],
            "fqdn": "auth.epitechproject.fr",
            "geolocation_routing_policy": [],
            "geoproximity_routing_policy": [],
            "health_check_id": "",
            "id": "Z0330838MNQYK0G9MHMC_auth.epitechproject.fr_AAAA",
            "latency_routing_policy": [],
            "multivalue_answer_routing_policy": false,
            "name": "auth.epitechproject.fr",
            "records": [],
            "set_identifier": "",
            "ttl": 0,
            "type": "AAAA",
            "weighted_routing_policy": [],
            "zone_id": "Z0330838MNQYK0G9MHMC"
          },
          "sensitive_attributes": [],
          "private": "eyJzY2hlbWFfdmVyc2lvbiI6IjIifQ==",
          "dependencies": [
            "data.aws_route53_zone.external",
            "module.load_balancer.aws_lb.main",
            "module.security.aws_security_group.api",
            "module.security.aws_security_group.auth",
            "module.security.aws_security_group.frontend",
            "module.security.aws_security_group.load_balancer",
            "module.security.aws_security_group.rds",
            "module.security.aws_security_group.vpc",
            "module.vpc.aws_subnet.public_subnet",
            "module.vpc.aws_vpc.main"
          ]
        },
        {
          "index_key": "epitechproject.fr",
          "schema_version": 2,
          "attributes": {
            "alias": [
              {
                "evaluate_target_health": true,
                "name": "lb-tdev700-302380393.eu-central-1.elb.amazonaws.com",
                "zone_id": "Z215JYRZR1TBD5"
              }
            ],
            "allow_overwrite": null,
            "cidr_routing_policy": [],
            "failover_routing_policy": [],
            "fqdn": "epitechproject.fr",
            "geolocation_routing_policy": [],
            "geoproximity_routing_policy": [],
            "health_check_id": "",
            "id": "Z0330838MNQYK0G9MHMC_epitechproject.fr_AAAA",
            "latency_routing_policy": [],
            "multivalue_answer_routing_policy": false,
            "name": "epitechproject.fr",
            "records": [],
            "set_identifier": "",
            "ttl": 0,
            "type": "AAAA",
            "weighted_routing_policy": [],
            "zone_id": "Z0330838MNQYK0G9MHMC"
          },
          "sensitive_attributes": [],
          "private": "eyJzY2hlbWFfdmVyc2lvbiI6IjIifQ==",
          "dependencies": [
            "data.aws_route53_zone.external",
            "module.load_balancer.aws_lb.main",
            "module.security.aws_security_group.api",
            "module.security.aws_security_group.auth",
            "module.security.aws_security_group.frontend",
            "module.security.aws_security_group.load_balancer",
            "module.security.aws_security_group.rds",
            "module.security.aws_security_group.vpc",
            "module.vpc.aws_subnet.public_subnet",
            "module.vpc.aws_vpc.main"
          ]
        }
      ]
    },
    {
      "module": "module.security",
      "mode": "managed",
      "type": "aws_security_group",
      "name": "api",
      "provider": "provider[\"registry.terraform.io/hashicorp/aws\"]",
      "instances": [
        {
          "schema_version": 1,
          "attributes": {
            "arn": "arn:aws:ec2:eu-central-1:502863813996:security-group/sg-008d7c41d909f35d4",
            "description": "Security group for the api server of tdev700.",
            "egress": [
              {
                "cidr_blocks": [
                  "0.0.0.0/0"
                ],
                "description": "",
                "from_port": 0,
                "ipv6_cidr_blocks": [
                  "::/0"
                ],
                "prefix_list_ids": [],
                "protocol": "-1",
                "security_groups": [],
                "self": false,
                "to_port": 0
              }
            ],
            "id": "sg-008d7c41d909f35d4",
            "ingress": [
              {
                "cidr_blocks": [],
                "description": "",
                "from_port": 0,
                "ipv6_cidr_blocks": [],
                "prefix_list_ids": [],
                "protocol": "-1",
                "security_groups": [
                  "sg-0406cdda50a395ea7"
                ],
                "self": false,
                "to_port": 0
              }
            ],
            "name": "sg_api_tdev700",
            "name_prefix": "",
            "owner_id": "502863813996",
            "revoke_rules_on_delete": false,
            "tags": {
              "Project": "tdev700"
            },
            "tags_all": {
              "Project": "tdev700"
            },
            "timeouts": null,
            "vpc_id": "vpc-0a74a7c1f46d92c59"
          },
          "sensitive_attributes": [],
          "private": "eyJlMmJmYjczMC1lY2FhLTExZTYtOGY4OC0zNDM2M2JjN2M0YzAiOnsiY3JlYXRlIjo2MDAwMDAwMDAwMDAsImRlbGV0ZSI6OTAwMDAwMDAwMDAwfSwic2NoZW1hX3ZlcnNpb24iOiIxIn0=",
          "dependencies": [
            "module.security.aws_security_group.load_balancer",
            "module.vpc.aws_vpc.main"
          ]
        }
      ]
    },
    {
      "module": "module.security",
      "mode": "managed",
      "type": "aws_security_group",
      "name": "auth",
      "provider": "provider[\"registry.terraform.io/hashicorp/aws\"]",
      "instances": [
        {
          "schema_version": 1,
          "attributes": {
            "arn": "arn:aws:ec2:eu-central-1:502863813996:security-group/sg-0fc61ed88f95fc0e6",
            "description": "Security group for the authentication server of tdev700.",
            "egress": [
              {
                "cidr_blocks": [
                  "0.0.0.0/0"
                ],
                "description": "",
                "from_port": 0,
                "ipv6_cidr_blocks": [
                  "::/0"
                ],
                "prefix_list_ids": [],
                "protocol": "-1",
                "security_groups": [],
                "self": false,
                "to_port": 0
              }
            ],
            "id": "sg-0fc61ed88f95fc0e6",
            "ingress": [
              {
                "cidr_blocks": [],
                "description": "",
                "from_port": 0,
                "ipv6_cidr_blocks": [],
                "prefix_list_ids": [],
                "protocol": "-1",
                "security_groups": [
                  "sg-0406cdda50a395ea7"
                ],
                "self": false,
                "to_port": 0
              }
            ],
            "name": "sg_auth_server_tdev700",
            "name_prefix": "",
            "owner_id": "502863813996",
            "revoke_rules_on_delete": false,
            "tags": {
              "Project": "tdev700"
            },
            "tags_all": {
              "Project": "tdev700"
            },
            "timeouts": null,
            "vpc_id": "vpc-0a74a7c1f46d92c59"
          },
          "sensitive_attributes": [],
          "private": "eyJlMmJmYjczMC1lY2FhLTExZTYtOGY4OC0zNDM2M2JjN2M0YzAiOnsiY3JlYXRlIjo2MDAwMDAwMDAwMDAsImRlbGV0ZSI6OTAwMDAwMDAwMDAwfSwic2NoZW1hX3ZlcnNpb24iOiIxIn0=",
          "dependencies": [
            "module.security.aws_security_group.load_balancer",
            "module.vpc.aws_vpc.main"
          ]
        }
      ]
    },
    {
      "module": "module.security",
      "mode": "managed",
      "type": "aws_security_group",
      "name": "frontend",
      "provider": "provider[\"registry.terraform.io/hashicorp/aws\"]",
      "instances": [
        {
          "schema_version": 1,
          "attributes": {
            "arn": "arn:aws:ec2:eu-central-1:502863813996:security-group/sg-0298f3cccc6392c03",
            "description": "Security group for the frontend server of tdev700.",
            "egress": [
              {
                "cidr_blocks": [
                  "0.0.0.0/0"
                ],
                "description": "",
                "from_port": 0,
                "ipv6_cidr_blocks": [
                  "::/0"
                ],
                "prefix_list_ids": [],
                "protocol": "-1",
                "security_groups": [],
                "self": false,
                "to_port": 0
              }
            ],
            "id": "sg-0298f3cccc6392c03",
            "ingress": [
              {
                "cidr_blocks": [],
                "description": "",
                "from_port": 0,
                "ipv6_cidr_blocks": [],
                "prefix_list_ids": [],
                "protocol": "-1",
                "security_groups": [
                  "sg-0406cdda50a395ea7"
                ],
                "self": false,
                "to_port": 0
              }
            ],
            "name": "sg_frontend_tdev700",
            "name_prefix": "",
            "owner_id": "502863813996",
            "revoke_rules_on_delete": false,
            "tags": {
              "Project": "tdev700"
            },
            "tags_all": {
              "Project": "tdev700"
            },
            "timeouts": null,
            "vpc_id": "vpc-0a74a7c1f46d92c59"
          },
          "sensitive_attributes": [],
          "private": "eyJlMmJmYjczMC1lY2FhLTExZTYtOGY4OC0zNDM2M2JjN2M0YzAiOnsiY3JlYXRlIjo2MDAwMDAwMDAwMDAsImRlbGV0ZSI6OTAwMDAwMDAwMDAwfSwic2NoZW1hX3ZlcnNpb24iOiIxIn0=",
          "dependencies": [
            "module.security.aws_security_group.load_balancer",
            "module.vpc.aws_vpc.main"
          ]
        }
      ]
    },
    {
      "module": "module.security",
      "mode": "managed",
      "type": "aws_security_group",
      "name": "load_balancer",
      "provider": "provider[\"registry.terraform.io/hashicorp/aws\"]",
      "instances": [
        {
          "schema_version": 1,
          "attributes": {
            "arn": "arn:aws:ec2:eu-central-1:502863813996:security-group/sg-0406cdda50a395ea7",
            "description": "Security group for the load balancer of tdev700.",
            "egress": [
              {
                "cidr_blocks": [
                  "0.0.0.0/0"
                ],
                "description": "",
                "from_port": 0,
                "ipv6_cidr_blocks": [
                  "::/0"
                ],
                "prefix_list_ids": [],
                "protocol": "-1",
                "security_groups": [],
                "self": false,
                "to_port": 0
              }
            ],
            "id": "sg-0406cdda50a395ea7",
            "ingress": [
              {
                "cidr_blocks": [
                  "0.0.0.0/0"
                ],
                "description": "",
                "from_port": 443,
                "ipv6_cidr_blocks": [
                  "::/0"
                ],
                "prefix_list_ids": [],
                "protocol": "tcp",
                "security_groups": [],
                "self": false,
                "to_port": 443
              }
            ],
            "name": "sg_load_balancer_tdev700",
            "name_prefix": "",
            "owner_id": "502863813996",
            "revoke_rules_on_delete": false,
            "tags": {
              "Project": "tdev700"
            },
            "tags_all": {
              "Project": "tdev700"
            },
            "timeouts": null,
            "vpc_id": "vpc-0a74a7c1f46d92c59"
          },
          "sensitive_attributes": [],
          "private": "eyJlMmJmYjczMC1lY2FhLTExZTYtOGY4OC0zNDM2M2JjN2M0YzAiOnsiY3JlYXRlIjo2MDAwMDAwMDAwMDAsImRlbGV0ZSI6OTAwMDAwMDAwMDAwfSwic2NoZW1hX3ZlcnNpb24iOiIxIn0=",
          "dependencies": [
            "module.vpc.aws_vpc.main"
          ]
        }
      ]
    },
    {
      "module": "module.security",
      "mode": "managed",
      "type": "aws_security_group",
      "name": "rds",
      "provider": "provider[\"registry.terraform.io/hashicorp/aws\"]",
      "instances": [
        {
          "schema_version": 1,
          "attributes": {
            "arn": "arn:aws:ec2:eu-central-1:502863813996:security-group/sg-0773c51c8fdf1ba71",
            "description": "Security group for the database of tdev700.",
            "egress": [
              {
                "cidr_blocks": [
                  "0.0.0.0/0"
                ],
                "description": "",
                "from_port": 0,
                "ipv6_cidr_blocks": [
                  "::/0"
                ],
                "prefix_list_ids": [],
                "protocol": "-1",
                "security_groups": [],
                "self": false,
                "to_port": 0
              }
            ],
            "id": "sg-0773c51c8fdf1ba71",
            "ingress": [
              {
                "cidr_blocks": [
                  "83.202.113.65/32"
                ],
                "description": "",
                "from_port": 5432,
                "ipv6_cidr_blocks": [],
                "prefix_list_ids": [],
                "protocol": "tcp",
                "security_groups": [],
                "self": false,
                "to_port": 5432
              },
              {
                "cidr_blocks": [],
                "description": "",
                "from_port": 0,
                "ipv6_cidr_blocks": [],
                "prefix_list_ids": [],
                "protocol": "-1",
                "security_groups": [
                  "sg-0060ffdd71ac2fbad"
                ],
                "self": false,
                "to_port": 0
              },
              {
                "cidr_blocks": [],
                "description": "",
                "from_port": 0,
                "ipv6_cidr_blocks": [],
                "prefix_list_ids": [],
                "protocol": "tcp",
                "security_groups": [
                  "sg-008d7c41d909f35d4",
                  "sg-0fc61ed88f95fc0e6"
                ],
                "self": false,
                "to_port": 65535
              }
            ],
            "name": "sg_database_tdev700",
            "name_prefix": "",
            "owner_id": "502863813996",
            "revoke_rules_on_delete": false,
            "tags": {
              "Project": "tdev700"
            },
            "tags_all": {
              "Project": "tdev700"
            },
            "timeouts": null,
            "vpc_id": "vpc-0a74a7c1f46d92c59"
          },
          "sensitive_attributes": [],
          "private": "eyJlMmJmYjczMC1lY2FhLTExZTYtOGY4OC0zNDM2M2JjN2M0YzAiOnsiY3JlYXRlIjo2MDAwMDAwMDAwMDAsImRlbGV0ZSI6OTAwMDAwMDAwMDAwfSwic2NoZW1hX3ZlcnNpb24iOiIxIn0=",
          "dependencies": [
            "module.security.aws_security_group.api",
            "module.security.aws_security_group.auth",
            "module.security.aws_security_group.load_balancer",
            "module.security.aws_security_group.vpc",
            "module.vpc.aws_vpc.main"
          ]
        }
      ]
    },
    {
      "module": "module.security",
      "mode": "managed",
      "type": "aws_security_group",
      "name": "vpc",
      "provider": "provider[\"registry.terraform.io/hashicorp/aws\"]",
      "instances": [
        {
          "schema_version": 1,
          "attributes": {
            "arn": "arn:aws:ec2:eu-central-1:502863813996:security-group/sg-0060ffdd71ac2fbad",
            "description": "Security group for the vpc of tdev700.",
            "egress": [
              {
                "cidr_blocks": [
                  "0.0.0.0/0"
                ],
                "description": "",
                "from_port": 0,
                "ipv6_cidr_blocks": [
                  "::/0"
                ],
                "prefix_list_ids": [],
                "protocol": "-1",
                "security_groups": [],
                "self": false,
                "to_port": 0
              }
            ],
            "id": "sg-0060ffdd71ac2fbad",
            "ingress": [
              {
                "cidr_blocks": [
                  "0.0.0.0/0"
                ],
                "description": "",
                "from_port": 22,
                "ipv6_cidr_blocks": [
                  "::/0"
                ],
                "prefix_list_ids": [],
                "protocol": "tcp",
                "security_groups": [],
                "self": false,
                "to_port": 22
              },
              {
                "cidr_blocks": [],
                "description": "",
                "from_port": 0,
                "ipv6_cidr_blocks": [],
                "prefix_list_ids": [],
                "protocol": "tcp",
                "security_groups": [],
                "self": true,
                "to_port": 65535
              }
            ],
            "name": "sg_vpc_tdev700",
            "name_prefix": "",
            "owner_id": "502863813996",
            "revoke_rules_on_delete": false,
            "tags": {
              "Project": "tdev700"
            },
            "tags_all": {
              "Project": "tdev700"
            },
            "timeouts": null,
            "vpc_id": "vpc-0a74a7c1f46d92c59"
          },
          "sensitive_attributes": [],
          "private": "eyJlMmJmYjczMC1lY2FhLTExZTYtOGY4OC0zNDM2M2JjN2M0YzAiOnsiY3JlYXRlIjo2MDAwMDAwMDAwMDAsImRlbGV0ZSI6OTAwMDAwMDAwMDAwfSwic2NoZW1hX3ZlcnNpb24iOiIxIn0=",
          "dependencies": [
            "module.vpc.aws_vpc.main"
          ]
        }
      ]
    },
    {
      "module": "module.vpc",
      "mode": "managed",
      "type": "aws_internet_gateway",
      "name": "main",
      "provider": "provider[\"registry.terraform.io/hashicorp/aws\"]",
      "instances": [
        {
          "schema_version": 0,
          "attributes": {
            "arn": "arn:aws:ec2:eu-central-1:502863813996:internet-gateway/igw-077b7f9fc6bdd4477",
            "id": "igw-077b7f9fc6bdd4477",
            "owner_id": "502863813996",
            "tags": {
              "Name": "tdev700_igw",
              "Project": "tdev700"
            },
            "tags_all": {
              "Name": "tdev700_igw",
              "Project": "tdev700"
            },
            "timeouts": null,
            "vpc_id": "vpc-0a74a7c1f46d92c59"
          },
          "sensitive_attributes": [],
          "private": "eyJlMmJmYjczMC1lY2FhLTExZTYtOGY4OC0zNDM2M2JjN2M0YzAiOnsiY3JlYXRlIjoxMjAwMDAwMDAwMDAwLCJkZWxldGUiOjEyMDAwMDAwMDAwMDAsInVwZGF0ZSI6MTIwMDAwMDAwMDAwMH19",
          "dependencies": [
            "module.vpc.aws_vpc.main"
          ]
        }
      ]
    },
    {
      "module": "module.vpc",
      "mode": "managed",
      "type": "aws_route_table",
      "name": "private",
      "provider": "provider[\"registry.terraform.io/hashicorp/aws\"]",
      "instances": [
        {
          "schema_version": 0,
          "attributes": {
            "arn": "arn:aws:ec2:eu-central-1:502863813996:route-table/rtb-0e90825c3a61e52dc",
            "id": "rtb-0e90825c3a61e52dc",
            "owner_id": "502863813996",
            "propagating_vgws": [],
            "route": [],
            "tags": {
              "Name": "tdev700_rtb_private",
              "Project": "tdev700"
            },
            "tags_all": {
              "Name": "tdev700_rtb_private",
              "Project": "tdev700"
            },
            "timeouts": null,
            "vpc_id": "vpc-0a74a7c1f46d92c59"
          },
          "sensitive_attributes": [],
          "private": "eyJlMmJmYjczMC1lY2FhLTExZTYtOGY4OC0zNDM2M2JjN2M0YzAiOnsiY3JlYXRlIjozMDAwMDAwMDAwMDAsImRlbGV0ZSI6MzAwMDAwMDAwMDAwLCJ1cGRhdGUiOjEyMDAwMDAwMDAwMH19",
          "dependencies": [
            "module.vpc.aws_vpc.main"
          ]
        }
      ]
    },
    {
      "module": "module.vpc",
      "mode": "managed",
      "type": "aws_route_table",
      "name": "public",
      "provider": "provider[\"registry.terraform.io/hashicorp/aws\"]",
      "instances": [
        {
          "schema_version": 0,
          "attributes": {
            "arn": "arn:aws:ec2:eu-central-1:502863813996:route-table/rtb-0a42139f172c14439",
            "id": "rtb-0a42139f172c14439",
            "owner_id": "502863813996",
            "propagating_vgws": [],
            "route": [
              {
                "carrier_gateway_id": "",
                "cidr_block": "",
                "core_network_arn": "",
                "destination_prefix_list_id": "",
                "egress_only_gateway_id": "",
                "gateway_id": "igw-077b7f9fc6bdd4477",
                "ipv6_cidr_block": "::/0",
                "local_gateway_id": "",
                "nat_gateway_id": "",
                "network_interface_id": "",
                "transit_gateway_id": "",
                "vpc_endpoint_id": "",
                "vpc_peering_connection_id": ""
              },
              {
                "carrier_gateway_id": "",
                "cidr_block": "0.0.0.0/0",
                "core_network_arn": "",
                "destination_prefix_list_id": "",
                "egress_only_gateway_id": "",
                "gateway_id": "igw-077b7f9fc6bdd4477",
                "ipv6_cidr_block": "",
                "local_gateway_id": "",
                "nat_gateway_id": "",
                "network_interface_id": "",
                "transit_gateway_id": "",
                "vpc_endpoint_id": "",
                "vpc_peering_connection_id": ""
              }
            ],
            "tags": {
              "Name": "tdev700_rtb_public",
              "Project": "tdev700"
            },
            "tags_all": {
              "Name": "tdev700_rtb_public",
              "Project": "tdev700"
            },
            "timeouts": null,
            "vpc_id": "vpc-0a74a7c1f46d92c59"
          },
          "sensitive_attributes": [],
          "private": "eyJlMmJmYjczMC1lY2FhLTExZTYtOGY4OC0zNDM2M2JjN2M0YzAiOnsiY3JlYXRlIjozMDAwMDAwMDAwMDAsImRlbGV0ZSI6MzAwMDAwMDAwMDAwLCJ1cGRhdGUiOjEyMDAwMDAwMDAwMH19",
          "dependencies": [
            "module.vpc.aws_internet_gateway.main",
            "module.vpc.aws_vpc.main"
          ]
        }
      ]
    },
    {
      "module": "module.vpc",
      "mode": "managed",
      "type": "aws_route_table_association",
      "name": "private",
      "provider": "provider[\"registry.terraform.io/hashicorp/aws\"]",
      "instances": [
        {
          "index_key": 0,
          "schema_version": 0,
          "attributes": {
            "gateway_id": "",
            "id": "rtbassoc-0f46c1426dee8a2f5",
            "route_table_id": "rtb-0e90825c3a61e52dc",
            "subnet_id": "subnet-09312119f7d100386",
            "timeouts": null
          },
          "sensitive_attributes": [],
          "private": "eyJlMmJmYjczMC1lY2FhLTExZTYtOGY4OC0zNDM2M2JjN2M0YzAiOnsiY3JlYXRlIjozMDAwMDAwMDAwMDAsImRlbGV0ZSI6MzAwMDAwMDAwMDAwLCJ1cGRhdGUiOjEyMDAwMDAwMDAwMH19",
          "dependencies": [
            "module.vpc.aws_route_table.private",
            "module.vpc.aws_subnet.private_subnet",
            "module.vpc.aws_vpc.main"
          ]
        },
        {
          "index_key": 1,
          "schema_version": 0,
          "attributes": {
            "gateway_id": "",
            "id": "rtbassoc-06b71669f6819ddc6",
            "route_table_id": "rtb-0e90825c3a61e52dc",
            "subnet_id": "subnet-0b36c2568c6730fdd",
            "timeouts": null
          },
          "sensitive_attributes": [],
          "private": "eyJlMmJmYjczMC1lY2FhLTExZTYtOGY4OC0zNDM2M2JjN2M0YzAiOnsiY3JlYXRlIjozMDAwMDAwMDAwMDAsImRlbGV0ZSI6MzAwMDAwMDAwMDAwLCJ1cGRhdGUiOjEyMDAwMDAwMDAwMH19",
          "dependencies": [
            "module.vpc.aws_route_table.private",
            "module.vpc.aws_subnet.private_subnet",
            "module.vpc.aws_vpc.main"
          ]
        },
        {
          "index_key": 2,
          "schema_version": 0,
          "attributes": {
            "gateway_id": "",
            "id": "rtbassoc-0760b7baef3a28c67",
            "route_table_id": "rtb-0e90825c3a61e52dc",
            "subnet_id": "subnet-03d31406a1cc95c9d",
            "timeouts": null
          },
          "sensitive_attributes": [],
          "private": "eyJlMmJmYjczMC1lY2FhLTExZTYtOGY4OC0zNDM2M2JjN2M0YzAiOnsiY3JlYXRlIjozMDAwMDAwMDAwMDAsImRlbGV0ZSI6MzAwMDAwMDAwMDAwLCJ1cGRhdGUiOjEyMDAwMDAwMDAwMH19",
          "dependencies": [
            "module.vpc.aws_route_table.private",
            "module.vpc.aws_subnet.private_subnet",
            "module.vpc.aws_vpc.main"
          ]
        }
      ]
    },
    {
      "module": "module.vpc",
      "mode": "managed",
      "type": "aws_route_table_association",
      "name": "public",
      "provider": "provider[\"registry.terraform.io/hashicorp/aws\"]",
      "instances": [
        {
          "index_key": 0,
          "schema_version": 0,
          "attributes": {
            "gateway_id": "",
            "id": "rtbassoc-0681a3f9edf6b6918",
            "route_table_id": "rtb-0a42139f172c14439",
            "subnet_id": "subnet-0842beca7f92e2905",
            "timeouts": null
          },
          "sensitive_attributes": [],
          "private": "eyJlMmJmYjczMC1lY2FhLTExZTYtOGY4OC0zNDM2M2JjN2M0YzAiOnsiY3JlYXRlIjozMDAwMDAwMDAwMDAsImRlbGV0ZSI6MzAwMDAwMDAwMDAwLCJ1cGRhdGUiOjEyMDAwMDAwMDAwMH19",
          "dependencies": [
            "module.vpc.aws_internet_gateway.main",
            "module.vpc.aws_route_table.public",
            "module.vpc.aws_subnet.public_subnet",
            "module.vpc.aws_vpc.main"
          ]
        },
        {
          "index_key": 1,
          "schema_version": 0,
          "attributes": {
            "gateway_id": "",
            "id": "rtbassoc-06560bddc6b50e907",
            "route_table_id": "rtb-0a42139f172c14439",
            "subnet_id": "subnet-0b10baead6e902a37",
            "timeouts": null
          },
          "sensitive_attributes": [],
          "private": "eyJlMmJmYjczMC1lY2FhLTExZTYtOGY4OC0zNDM2M2JjN2M0YzAiOnsiY3JlYXRlIjozMDAwMDAwMDAwMDAsImRlbGV0ZSI6MzAwMDAwMDAwMDAwLCJ1cGRhdGUiOjEyMDAwMDAwMDAwMH19",
          "dependencies": [
            "module.vpc.aws_internet_gateway.main",
            "module.vpc.aws_route_table.public",
            "module.vpc.aws_subnet.public_subnet",
            "module.vpc.aws_vpc.main"
          ]
        },
        {
          "index_key": 2,
          "schema_version": 0,
          "attributes": {
            "gateway_id": "",
            "id": "rtbassoc-07fd6490835248127",
            "route_table_id": "rtb-0a42139f172c14439",
            "subnet_id": "subnet-062113502435c5016",
            "timeouts": null
          },
          "sensitive_attributes": [],
          "private": "eyJlMmJmYjczMC1lY2FhLTExZTYtOGY4OC0zNDM2M2JjN2M0YzAiOnsiY3JlYXRlIjozMDAwMDAwMDAwMDAsImRlbGV0ZSI6MzAwMDAwMDAwMDAwLCJ1cGRhdGUiOjEyMDAwMDAwMDAwMH19",
          "dependencies": [
            "module.vpc.aws_internet_gateway.main",
            "module.vpc.aws_route_table.public",
            "module.vpc.aws_subnet.public_subnet",
            "module.vpc.aws_vpc.main"
          ]
        }
      ]
    },
    {
      "module": "module.vpc",
      "mode": "managed",
      "type": "aws_subnet",
      "name": "private_subnet",
      "provider": "provider[\"registry.terraform.io/hashicorp/aws\"]",
      "instances": [
        {
          "index_key": 0,
          "schema_version": 1,
          "attributes": {
            "arn": "arn:aws:ec2:eu-central-1:502863813996:subnet/subnet-09312119f7d100386",
            "assign_ipv6_address_on_creation": true,
            "availability_zone": "eu-central-1a",
            "availability_zone_id": "euc1-az2",
            "cidr_block": "172.30.48.0/20",
            "customer_owned_ipv4_pool": "",
            "enable_dns64": false,
            "enable_lni_at_device_index": 0,
            "enable_resource_name_dns_a_record_on_launch": false,
            "enable_resource_name_dns_aaaa_record_on_launch": false,
            "id": "subnet-09312119f7d100386",
            "ipv6_cidr_block": "2a05:d014:1926:1903::/64",
            "ipv6_cidr_block_association_id": "subnet-cidr-assoc-02114e8ac23e4eea9",
            "ipv6_native": false,
            "map_customer_owned_ip_on_launch": false,
            "map_public_ip_on_launch": false,
            "outpost_arn": "",
            "owner_id": "502863813996",
            "private_dns_hostname_type_on_launch": "ip-name",
            "tags": {
              "Name": "tdev700-subnet-private-eu-central-1a",
              "Project": "tdev700"
            },
            "tags_all": {
              "Name": "tdev700-subnet-private-eu-central-1a",
              "Project": "tdev700"
            },
            "timeouts": null,
            "vpc_id": "vpc-0a74a7c1f46d92c59"
          },
          "sensitive_attributes": [],
          "private": "eyJlMmJmYjczMC1lY2FhLTExZTYtOGY4OC0zNDM2M2JjN2M0YzAiOnsiY3JlYXRlIjo2MDAwMDAwMDAwMDAsImRlbGV0ZSI6MTIwMDAwMDAwMDAwMH0sInNjaGVtYV92ZXJzaW9uIjoiMSJ9",
          "dependencies": [
            "module.vpc.aws_vpc.main"
          ]
        },
        {
          "index_key": 1,
          "schema_version": 1,
          "attributes": {
            "arn": "arn:aws:ec2:eu-central-1:502863813996:subnet/subnet-0b36c2568c6730fdd",
            "assign_ipv6_address_on_creation": true,
            "availability_zone": "eu-central-1b",
            "availability_zone_id": "euc1-az3",
            "cidr_block": "172.30.64.0/20",
            "customer_owned_ipv4_pool": "",
            "enable_dns64": false,
            "enable_lni_at_device_index": 0,
            "enable_resource_name_dns_a_record_on_launch": false,
            "enable_resource_name_dns_aaaa_record_on_launch": false,
            "id": "subnet-0b36c2568c6730fdd",
            "ipv6_cidr_block": "2a05:d014:1926:1904::/64",
            "ipv6_cidr_block_association_id": "subnet-cidr-assoc-0fde139013c81da00",
            "ipv6_native": false,
            "map_customer_owned_ip_on_launch": false,
            "map_public_ip_on_launch": false,
            "outpost_arn": "",
            "owner_id": "502863813996",
            "private_dns_hostname_type_on_launch": "ip-name",
            "tags": {
              "Name": "tdev700-subnet-private-eu-central-1b",
              "Project": "tdev700"
            },
            "tags_all": {
              "Name": "tdev700-subnet-private-eu-central-1b",
              "Project": "tdev700"
            },
            "timeouts": null,
            "vpc_id": "vpc-0a74a7c1f46d92c59"
          },
          "sensitive_attributes": [],
          "private": "eyJlMmJmYjczMC1lY2FhLTExZTYtOGY4OC0zNDM2M2JjN2M0YzAiOnsiY3JlYXRlIjo2MDAwMDAwMDAwMDAsImRlbGV0ZSI6MTIwMDAwMDAwMDAwMH0sInNjaGVtYV92ZXJzaW9uIjoiMSJ9",
          "dependencies": [
            "module.vpc.aws_vpc.main"
          ]
        },
        {
          "index_key": 2,
          "schema_version": 1,
          "attributes": {
            "arn": "arn:aws:ec2:eu-central-1:502863813996:subnet/subnet-03d31406a1cc95c9d",
            "assign_ipv6_address_on_creation": true,
            "availability_zone": "eu-central-1c",
            "availability_zone_id": "euc1-az1",
            "cidr_block": "172.30.80.0/20",
            "customer_owned_ipv4_pool": "",
            "enable_dns64": false,
            "enable_lni_at_device_index": 0,
            "enable_resource_name_dns_a_record_on_launch": false,
            "enable_resource_name_dns_aaaa_record_on_launch": false,
            "id": "subnet-03d31406a1cc95c9d",
            "ipv6_cidr_block": "2a05:d014:1926:1905::/64",
            "ipv6_cidr_block_association_id": "subnet-cidr-assoc-0539a223687a0d7b8",
            "ipv6_native": false,
            "map_customer_owned_ip_on_launch": false,
            "map_public_ip_on_launch": false,
            "outpost_arn": "",
            "owner_id": "502863813996",
            "private_dns_hostname_type_on_launch": "ip-name",
            "tags": {
              "Name": "tdev700-subnet-private-eu-central-1c",
              "Project": "tdev700"
            },
            "tags_all": {
              "Name": "tdev700-subnet-private-eu-central-1c",
              "Project": "tdev700"
            },
            "timeouts": null,
            "vpc_id": "vpc-0a74a7c1f46d92c59"
          },
          "sensitive_attributes": [],
          "private": "eyJlMmJmYjczMC1lY2FhLTExZTYtOGY4OC0zNDM2M2JjN2M0YzAiOnsiY3JlYXRlIjo2MDAwMDAwMDAwMDAsImRlbGV0ZSI6MTIwMDAwMDAwMDAwMH0sInNjaGVtYV92ZXJzaW9uIjoiMSJ9",
          "dependencies": [
            "module.vpc.aws_vpc.main"
          ]
        }
      ]
    },
    {
      "module": "module.vpc",
      "mode": "managed",
      "type": "aws_subnet",
      "name": "public_subnet",
      "provider": "provider[\"registry.terraform.io/hashicorp/aws\"]",
      "instances": [
        {
          "index_key": 0,
          "schema_version": 1,
          "attributes": {
            "arn": "arn:aws:ec2:eu-central-1:502863813996:subnet/subnet-0842beca7f92e2905",
            "assign_ipv6_address_on_creation": true,
            "availability_zone": "eu-central-1a",
            "availability_zone_id": "euc1-az2",
            "cidr_block": "172.30.0.0/24",
            "customer_owned_ipv4_pool": "",
            "enable_dns64": false,
            "enable_lni_at_device_index": 0,
            "enable_resource_name_dns_a_record_on_launch": false,
            "enable_resource_name_dns_aaaa_record_on_launch": false,
            "id": "subnet-0842beca7f92e2905",
            "ipv6_cidr_block": "2a05:d014:1926:1900::/64",
            "ipv6_cidr_block_association_id": "subnet-cidr-assoc-039c9e202262924de",
            "ipv6_native": false,
            "map_customer_owned_ip_on_launch": false,
            "map_public_ip_on_launch": true,
            "outpost_arn": "",
            "owner_id": "502863813996",
            "private_dns_hostname_type_on_launch": "ip-name",
            "tags": {
              "Name": "tdev700-subnet-public-eu-central-1a",
              "Project": "tdev700"
            },
            "tags_all": {
              "Name": "tdev700-subnet-public-eu-central-1a",
              "Project": "tdev700"
            },
            "timeouts": null,
            "vpc_id": "vpc-0a74a7c1f46d92c59"
          },
          "sensitive_attributes": [],
          "private": "eyJlMmJmYjczMC1lY2FhLTExZTYtOGY4OC0zNDM2M2JjN2M0YzAiOnsiY3JlYXRlIjo2MDAwMDAwMDAwMDAsImRlbGV0ZSI6MTIwMDAwMDAwMDAwMH0sInNjaGVtYV92ZXJzaW9uIjoiMSJ9",
          "dependencies": [
            "module.vpc.aws_vpc.main"
          ]
        },
        {
          "index_key": 1,
          "schema_version": 1,
          "attributes": {
            "arn": "arn:aws:ec2:eu-central-1:502863813996:subnet/subnet-0b10baead6e902a37",
            "assign_ipv6_address_on_creation": true,
            "availability_zone": "eu-central-1b",
            "availability_zone_id": "euc1-az3",
            "cidr_block": "172.30.1.0/24",
            "customer_owned_ipv4_pool": "",
            "enable_dns64": false,
            "enable_lni_at_device_index": 0,
            "enable_resource_name_dns_a_record_on_launch": false,
            "enable_resource_name_dns_aaaa_record_on_launch": false,
            "id": "subnet-0b10baead6e902a37",
            "ipv6_cidr_block": "2a05:d014:1926:1901::/64",
            "ipv6_cidr_block_association_id": "subnet-cidr-assoc-06a8c598d54f13069",
            "ipv6_native": false,
            "map_customer_owned_ip_on_launch": false,
            "map_public_ip_on_launch": true,
            "outpost_arn": "",
            "owner_id": "502863813996",
            "private_dns_hostname_type_on_launch": "ip-name",
            "tags": {
              "Name": "tdev700-subnet-public-eu-central-1b",
              "Project": "tdev700"
            },
            "tags_all": {
              "Name": "tdev700-subnet-public-eu-central-1b",
              "Project": "tdev700"
            },
            "timeouts": null,
            "vpc_id": "vpc-0a74a7c1f46d92c59"
          },
          "sensitive_attributes": [],
          "private": "eyJlMmJmYjczMC1lY2FhLTExZTYtOGY4OC0zNDM2M2JjN2M0YzAiOnsiY3JlYXRlIjo2MDAwMDAwMDAwMDAsImRlbGV0ZSI6MTIwMDAwMDAwMDAwMH0sInNjaGVtYV92ZXJzaW9uIjoiMSJ9",
          "dependencies": [
            "module.vpc.aws_vpc.main"
          ]
        },
        {
          "index_key": 2,
          "schema_version": 1,
          "attributes": {
            "arn": "arn:aws:ec2:eu-central-1:502863813996:subnet/subnet-062113502435c5016",
            "assign_ipv6_address_on_creation": true,
            "availability_zone": "eu-central-1c",
            "availability_zone_id": "euc1-az1",
            "cidr_block": "172.30.2.0/24",
            "customer_owned_ipv4_pool": "",
            "enable_dns64": false,
            "enable_lni_at_device_index": 0,
            "enable_resource_name_dns_a_record_on_launch": false,
            "enable_resource_name_dns_aaaa_record_on_launch": false,
            "id": "subnet-062113502435c5016",
            "ipv6_cidr_block": "2a05:d014:1926:1902::/64",
            "ipv6_cidr_block_association_id": "subnet-cidr-assoc-0674c15e24aabb587",
            "ipv6_native": false,
            "map_customer_owned_ip_on_launch": false,
            "map_public_ip_on_launch": true,
            "outpost_arn": "",
            "owner_id": "502863813996",
            "private_dns_hostname_type_on_launch": "ip-name",
            "tags": {
              "Name": "tdev700-subnet-public-eu-central-1c",
              "Project": "tdev700"
            },
            "tags_all": {
              "Name": "tdev700-subnet-public-eu-central-1c",
              "Project": "tdev700"
            },
            "timeouts": null,
            "vpc_id": "vpc-0a74a7c1f46d92c59"
          },
          "sensitive_attributes": [],
          "private": "eyJlMmJmYjczMC1lY2FhLTExZTYtOGY4OC0zNDM2M2JjN2M0YzAiOnsiY3JlYXRlIjo2MDAwMDAwMDAwMDAsImRlbGV0ZSI6MTIwMDAwMDAwMDAwMH0sInNjaGVtYV92ZXJzaW9uIjoiMSJ9",
          "dependencies": [
            "module.vpc.aws_vpc.main"
          ]
        }
      ]
    },
    {
      "module": "module.vpc",
      "mode": "managed",
      "type": "aws_vpc",
      "name": "main",
      "provider": "provider[\"registry.terraform.io/hashicorp/aws\"]",
      "instances": [
        {
          "schema_version": 1,
          "attributes": {
            "arn": "arn:aws:ec2:eu-central-1:502863813996:vpc/vpc-0a74a7c1f46d92c59",
            "assign_generated_ipv6_cidr_block": true,
            "cidr_block": "172.30.0.0/16",
            "default_network_acl_id": "acl-024ecd6e3b294fb61",
            "default_route_table_id": "rtb-01aedd90bacfe3646",
            "default_security_group_id": "sg-0e1c741644f88196b",
            "dhcp_options_id": "dopt-0c2e7b103d3c21e5c",
            "enable_dns_hostnames": true,
            "enable_dns_support": true,
            "enable_network_address_usage_metrics": false,
            "id": "vpc-0a74a7c1f46d92c59",
            "instance_tenancy": "default",
            "ipv4_ipam_pool_id": null,
            "ipv4_netmask_length": null,
            "ipv6_association_id": "vpc-cidr-assoc-0112937e7b4914026",
            "ipv6_cidr_block": "2a05:d014:1926:1900::/56",
            "ipv6_cidr_block_network_border_group": "eu-central-1",
            "ipv6_ipam_pool_id": "",
            "ipv6_netmask_length": 0,
            "main_route_table_id": "rtb-01aedd90bacfe3646",
            "owner_id": "502863813996",
            "tags": {
              "Name": "tdev700_vpc",
              "Project": "tdev700"
            },
            "tags_all": {
              "Name": "tdev700_vpc",
              "Project": "tdev700"
            }
          },
          "sensitive_attributes": [],
          "private": "eyJzY2hlbWFfdmVyc2lvbiI6IjEifQ=="
        }
      ]
    }
  ],
  "check_results": null
}
