
Microsoft Visual Studio Solution File, Format Version 12.00
Project("{FAE04EC0-301F-11D3-BF4B-00C04F79EFBC}") = "Tdev702.Contracts", "Tdev702.Contracts\Tdev702.Contracts.csproj", "{DD8718E0-9A1A-41C2-9E66-4DD8A1393C31}"
EndProject
Project("{FAE04EC0-301F-11D3-BF4B-00C04F79EFBC}") = "Tdev702.Api", "Tdev702.Api\Tdev702.Api.csproj", "{07C941A7-EB02-46F4-90B0-F88426D7968A}"
EndProject
Project("{FAE04EC0-301F-11D3-BF4B-00C04F79EFBC}") = "Tdev702.Repository", "Tdev702.Repository\Tdev702.Repository.csproj", "{0E5FDDCE-6E6B-444E-8917-610C2ABB4495}"
EndProject
Project("{FAE04EC0-301F-11D3-BF4B-00C04F79EFBC}") = "Tdev702.Auth", "Tdev702.Auth\Tdev702.Auth.csproj", "{829B4978-2702-4C62-A140-AA364E4A165E}"
EndProject
Project("{FAE04EC0-301F-11D3-BF4B-00C04F79EFBC}") = "Tdev702.AWS.SDK", "Tdev702.AWS.SDK\Tdev702.AWS.SDK.csproj", "{8FBC8DC2-D1A0-4907-BCCE-3C32A64FDFAD}"
EndProject
Project("{FAE04EC0-301F-11D3-BF4B-00C04F79EFBC}") = "Tdev702.Stripe.SDK", "Tdev702.Stripe.SDK\Tdev702.Stripe.SDK.csproj", "{68FBBABF-2F68-4A6C-B496-610A9E10F7D7}"
EndProject
Project("{FAE04EC0-301F-11D3-BF4B-00C04F79EFBC}") = "Tdev702.OpenFoodFact.SDK", "Tdev702.OpenFoodFact.SDK\Tdev702.OpenFoodFact.SDK.csproj", "{E4F08191-07C9-4198-AC46-A5CF688EDFC5}"
EndProject
Project("{FAE04EC0-301F-11D3-BF4B-00C04F79EFBC}") = "Tdev702.Api.Tests.Unit", "Tdev702.Api.Tests.Unit\Tdev702.Api.Tests.Unit.csproj", "{3A2DD031-3FDC-4C92-A5A8-69D3FDF5622A}"
EndProject
Project("{FAE04EC0-301F-11D3-BF4B-00C04F79EFBC}") = "Tdev702.Api.Tests.Integration", "Tdev702.Api.Tests.Integration\Tdev702.Api.Tests.Integration.csproj", "{967B5135-B142-4D78-94B5-2845FE0A736F}"
EndProject
Global
	GlobalSection(SolutionConfigurationPlatforms) = preSolution
		Debug|Any CPU = Debug|Any CPU
		Release|Any CPU = Release|Any CPU
	EndGlobalSection
	GlobalSection(ProjectConfigurationPlatforms) = postSolution
		{DD8718E0-9A1A-41C2-9E66-4DD8A1393C31}.Debug|Any CPU.ActiveCfg = Debug|Any CPU
		{DD8718E0-9A1A-41C2-9E66-4DD8A1393C31}.Debug|Any CPU.Build.0 = Debug|Any CPU
		{DD8718E0-9A1A-41C2-9E66-4DD8A1393C31}.Release|Any CPU.ActiveCfg = Release|Any CPU
		{DD8718E0-9A1A-41C2-9E66-4DD8A1393C31}.Release|Any CPU.Build.0 = Release|Any CPU
		{07C941A7-EB02-46F4-90B0-F88426D7968A}.Debug|Any CPU.ActiveCfg = Debug|Any CPU
		{07C941A7-EB02-46F4-90B0-F88426D7968A}.Debug|Any CPU.Build.0 = Debug|Any CPU
		{07C941A7-EB02-46F4-90B0-F88426D7968A}.Release|Any CPU.ActiveCfg = Release|Any CPU
		{07C941A7-EB02-46F4-90B0-F88426D7968A}.Release|Any CPU.Build.0 = Release|Any CPU
		{0E5FDDCE-6E6B-444E-8917-610C2ABB4495}.Debug|Any CPU.ActiveCfg = Debug|Any CPU
		{0E5FDDCE-6E6B-444E-8917-610C2ABB4495}.Debug|Any CPU.Build.0 = Debug|Any CPU
		{0E5FDDCE-6E6B-444E-8917-610C2ABB4495}.Release|Any CPU.ActiveCfg = Release|Any CPU
		{0E5FDDCE-6E6B-444E-8917-610C2ABB4495}.Release|Any CPU.Build.0 = Release|Any CPU
		{829B4978-2702-4C62-A140-AA364E4A165E}.Debug|Any CPU.ActiveCfg = Debug|Any CPU
		{829B4978-2702-4C62-A140-AA364E4A165E}.Debug|Any CPU.Build.0 = Debug|Any CPU
		{829B4978-2702-4C62-A140-AA364E4A165E}.Release|Any CPU.ActiveCfg = Release|Any CPU
		{829B4978-2702-4C62-A140-AA364E4A165E}.Release|Any CPU.Build.0 = Release|Any CPU
		{8FBC8DC2-D1A0-4907-BCCE-3C32A64FDFAD}.Debug|Any CPU.ActiveCfg = Debug|Any CPU
		{8FBC8DC2-D1A0-4907-BCCE-3C32A64FDFAD}.Debug|Any CPU.Build.0 = Debug|Any CPU
		{8FBC8DC2-D1A0-4907-BCCE-3C32A64FDFAD}.Release|Any CPU.ActiveCfg = Release|Any CPU
		{8FBC8DC2-D1A0-4907-BCCE-3C32A64FDFAD}.Release|Any CPU.Build.0 = Release|Any CPU
		{68FBBABF-2F68-4A6C-B496-610A9E10F7D7}.Debug|Any CPU.ActiveCfg = Debug|Any CPU
		{68FBBABF-2F68-4A6C-B496-610A9E10F7D7}.Debug|Any CPU.Build.0 = Debug|Any CPU
		{68FBBABF-2F68-4A6C-B496-610A9E10F7D7}.Release|Any CPU.ActiveCfg = Release|Any CPU
		{68FBBABF-2F68-4A6C-B496-610A9E10F7D7}.Release|Any CPU.Build.0 = Release|Any CPU
		{E4F08191-07C9-4198-AC46-A5CF688EDFC5}.Debug|Any CPU.ActiveCfg = Debug|Any CPU
		{E4F08191-07C9-4198-AC46-A5CF688EDFC5}.Debug|Any CPU.Build.0 = Debug|Any CPU
		{E4F08191-07C9-4198-AC46-A5CF688EDFC5}.Release|Any CPU.ActiveCfg = Release|Any CPU
		{E4F08191-07C9-4198-AC46-A5CF688EDFC5}.Release|Any CPU.Build.0 = Release|Any CPU
		{3A2DD031-3FDC-4C92-A5A8-69D3FDF5622A}.Debug|Any CPU.ActiveCfg = Debug|Any CPU
		{3A2DD031-3FDC-4C92-A5A8-69D3FDF5622A}.Debug|Any CPU.Build.0 = Debug|Any CPU
		{3A2DD031-3FDC-4C92-A5A8-69D3FDF5622A}.Release|Any CPU.ActiveCfg = Release|Any CPU
		{3A2DD031-3FDC-4C92-A5A8-69D3FDF5622A}.Release|Any CPU.Build.0 = Release|Any CPU
		{967B5135-B142-4D78-94B5-2845FE0A736F}.Debug|Any CPU.ActiveCfg = Debug|Any CPU
		{967B5135-B142-4D78-94B5-2845FE0A736F}.Debug|Any CPU.Build.0 = Debug|Any CPU
		{967B5135-B142-4D78-94B5-2845FE0A736F}.Release|Any CPU.ActiveCfg = Release|Any CPU
		{967B5135-B142-4D78-94B5-2845FE0A736F}.Release|Any CPU.Build.0 = Release|Any CPU
	EndGlobalSection
EndGlobal
